// !$*UTF8*$!
{
	archiveVersion = 1;
	classes = {
	};
	objectVersion = 51;
	objects = {

/* Begin PBXBuildFile section */
		B5756CDA0F4257B02839E003 /* Pods_udc.framework in Frameworks */ = {isa = PBXBuildFile; fileRef = 71888A3A290E28E2B2AFB1EB /* Pods_udc.framework */; };
		C11DA18A265E7E99006EA241 /* AppDelegate.swift in Sources */ = {isa = PBXBuildFile; fileRef = C11DA189265E7E99006EA241 /* AppDelegate.swift */; };
		C11DA193265E7E9B006EA241 /* Assets.xcassets in Resources */ = {isa = PBXBuildFile; fileRef = C11DA192265E7E9B006EA241 /* Assets.xcassets */; };
		C11DA196265E7E9B006EA241 /* LaunchScreen.storyboard in Resources */ = {isa = PBXBuildFile; fileRef = C11DA194265E7E9B006EA241 /* LaunchScreen.storyboard */; };
		C11DA1A1265E7E9B006EA241 /* udcTests.swift in Sources */ = {isa = PBXBuildFile; fileRef = C11DA1A0265E7E9B006EA241 /* udcTests.swift */; };
		C11DA1AC265E7E9B006EA241 /* udcUITests.swift in Sources */ = {isa = PBXBuildFile; fileRef = C11DA1AB265E7E9B006EA241 /* udcUITests.swift */; };
		C11DA1BC265E8796006EA241 /* TabBarVC.swift in Sources */ = {isa = PBXBuildFile; fileRef = C11DA1BB265E8796006EA241 /* TabBarVC.swift */; };
		C11DA1C2265E8CC4006EA241 /* HomeVC.swift in Sources */ = {isa = PBXBuildFile; fileRef = C11DA1C1265E8CC4006EA241 /* HomeVC.swift */; };
		C11DA1C6265E8D5F006EA241 /* EXViewController.swift in Sources */ = {isa = PBXBuildFile; fileRef = C11DA1C5265E8D5F006EA241 /* EXViewController.swift */; };
		C11DA1C8265E8E29006EA241 /* UIImage.swift in Sources */ = {isa = PBXBuildFile; fileRef = C11DA1C7265E8E29006EA241 /* UIImage.swift */; };
		C11DA1CA265E8E6A006EA241 /* MapVC.swift in Sources */ = {isa = PBXBuildFile; fileRef = C11DA1C9265E8E6A006EA241 /* MapVC.swift */; };
		C11DA1CC265E8E71006EA241 /* ClassVC.swift in Sources */ = {isa = PBXBuildFile; fileRef = C11DA1CB265E8E71006EA241 /* ClassVC.swift */; };
		C11DA1CE265E8E7B006EA241 /* ProfileVC.swift in Sources */ = {isa = PBXBuildFile; fileRef = C11DA1CD265E8E7B006EA241 /* ProfileVC.swift */; };
		C11DA1D0265E8F96006EA241 /* SplashVC.swift in Sources */ = {isa = PBXBuildFile; fileRef = C11DA1CF265E8F96006EA241 /* SplashVC.swift */; };
		C11DA1D2265E8FD8006EA241 /* UIView.swift in Sources */ = {isa = PBXBuildFile; fileRef = C11DA1D1265E8FD8006EA241 /* UIView.swift */; };
		C11DA1D4265E907F006EA241 /* Extensions.swift in Sources */ = {isa = PBXBuildFile; fileRef = C11DA1D3265E907F006EA241 /* Extensions.swift */; };
		C11DA1DB265F1FF0006EA241 /* LogHelper.swift in Sources */ = {isa = PBXBuildFile; fileRef = C11DA1DA265F1FF0006EA241 /* LogHelper.swift */; };
		C11DA1DD26600637006EA241 /* UIColor.swift in Sources */ = {isa = PBXBuildFile; fileRef = C11DA1DC26600637006EA241 /* UIColor.swift */; };
		C16B83EC26ADA1230028FFD8 /* EventDetailVC.swift in Sources */ = {isa = PBXBuildFile; fileRef = C16B83EB26ADA1230028FFD8 /* EventDetailVC.swift */; };
		C16B83EE26ADA60E0028FFD8 /* PopAnimator.swift in Sources */ = {isa = PBXBuildFile; fileRef = C16B83ED26ADA60E0028FFD8 /* PopAnimator.swift */; };
		C16B83F026AEC34D0028FFD8 /* ImagePickerView.swift in Sources */ = {isa = PBXBuildFile; fileRef = C16B83EF26AEC34D0028FFD8 /* ImagePickerView.swift */; };
		C16B83F226AF1A6E0028FFD8 /* CommonTextView.swift in Sources */ = {isa = PBXBuildFile; fileRef = C16B83F126AF1A6E0028FFD8 /* CommonTextView.swift */; };
		C16B83F426AF1A830028FFD8 /* EXTextView.swift in Sources */ = {isa = PBXBuildFile; fileRef = C16B83F326AF1A830028FFD8 /* EXTextView.swift */; };
		C16B83F626AF1E6C0028FFD8 /* BoxLabel.swift in Sources */ = {isa = PBXBuildFile; fileRef = C16B83F526AF1E6C0028FFD8 /* BoxLabel.swift */; };
		C16B83F826AF9B400028FFD8 /* DatePickVC.swift in Sources */ = {isa = PBXBuildFile; fileRef = C16B83F726AF9B400028FFD8 /* DatePickVC.swift */; };
		C16B83FA26AFC7D20028FFD8 /* LocationPickVC.swift in Sources */ = {isa = PBXBuildFile; fileRef = C16B83F926AFC7D20028FFD8 /* LocationPickVC.swift */; };
		C16B83FC26AFD0B60028FFD8 /* NaverMap.swift in Sources */ = {isa = PBXBuildFile; fileRef = C16B83FB26AFD0B60028FFD8 /* NaverMap.swift */; };
		C16B83FE26AFD3790028FFD8 /* NaverMapService.swift in Sources */ = {isa = PBXBuildFile; fileRef = C16B83FD26AFD3790028FFD8 /* NaverMapService.swift */; };
		C16B840026AFF5FB0028FFD8 /* TypePickVC.swift in Sources */ = {isa = PBXBuildFile; fileRef = C16B83FF26AFF5FB0028FFD8 /* TypePickVC.swift */; };
		C1A51D4F26AA550800501440 /* EventUploadVC.swift in Sources */ = {isa = PBXBuildFile; fileRef = C1A51D4E26AA550800501440 /* EventUploadVC.swift */; };
		C1A51D5326AAABFD00501440 /* ProfileHeaderVC.swift in Sources */ = {isa = PBXBuildFile; fileRef = C1A51D5226AAABFD00501440 /* ProfileHeaderVC.swift */; };
		C1A51D5626AAAC7C00501440 /* EventCollectionVC.swift in Sources */ = {isa = PBXBuildFile; fileRef = C1A51D5526AAAC7C00501440 /* EventCollectionVC.swift */; };
		C1A51D5826AAAC8500501440 /* PendingEventVC.swift in Sources */ = {isa = PBXBuildFile; fileRef = C1A51D5726AAAC8500501440 /* PendingEventVC.swift */; };
		C1A51D5A26AAAD0200501440 /* ProfileHeaderView.swift in Sources */ = {isa = PBXBuildFile; fileRef = C1A51D5926AAAD0200501440 /* ProfileHeaderView.swift */; };
		C1A51D5C26AAAD4400501440 /* Segment.swift in Sources */ = {isa = PBXBuildFile; fileRef = C1A51D5B26AAAD4400501440 /* Segment.swift */; };
		C1A51D5F26AAB14C00501440 /* EventCVCell.swift in Sources */ = {isa = PBXBuildFile; fileRef = C1A51D5E26AAB14C00501440 /* EventCVCell.swift */; };
		C1A51D6126AAB62D00501440 /* ProfileImageView.swift in Sources */ = {isa = PBXBuildFile; fileRef = C1A51D6026AAB62D00501440 /* ProfileImageView.swift */; };
		C1BEA8FB267F691700BB8DAB /* AppNavigator.swift in Sources */ = {isa = PBXBuildFile; fileRef = C1BEA8FA267F691700BB8DAB /* AppNavigator.swift */; };
		C1CD9D72268C5DE00012E141 /* MainEventVC.swift in Sources */ = {isa = PBXBuildFile; fileRef = C1CD9D71268C5DE00012E141 /* MainEventVC.swift */; };
		C1CD9D74268C5DF90012E141 /* EventListVC.swift in Sources */ = {isa = PBXBuildFile; fileRef = C1CD9D73268C5DF90012E141 /* EventListVC.swift */; };
		C1CD9D76268C5E570012E141 /* ExCollectionViewCell.swift in Sources */ = {isa = PBXBuildFile; fileRef = C1CD9D75268C5E570012E141 /* ExCollectionViewCell.swift */; };
		C1CD9D79268C5F3A0012E141 /* LoginVC.swift in Sources */ = {isa = PBXBuildFile; fileRef = C1CD9D78268C5F3A0012E141 /* LoginVC.swift */; };
		C1CD9D7C268C60A20012E141 /* AppModel.swift in Sources */ = {isa = PBXBuildFile; fileRef = C1CD9D7B268C60A20012E141 /* AppModel.swift */; };
		C1CD9D7E268C60B90012E141 /* User.swift in Sources */ = {isa = PBXBuildFile; fileRef = C1CD9D7D268C60B90012E141 /* User.swift */; };
		C1CD9D80268C674D0012E141 /* JSONDecoder.swift in Sources */ = {isa = PBXBuildFile; fileRef = C1CD9D7F268C674D0012E141 /* JSONDecoder.swift */; };
		C1CD9D82268C89020012E141 /* Str.swift in Sources */ = {isa = PBXBuildFile; fileRef = C1CD9D81268C89020012E141 /* Str.swift */; };
		C1CD9D84268C89640012E141 /* Font.swift in Sources */ = {isa = PBXBuildFile; fileRef = C1CD9D83268C89640012E141 /* Font.swift */; };
		C1CD9D87268C8AE80012E141 /* CommonTextField.swift in Sources */ = {isa = PBXBuildFile; fileRef = C1CD9D86268C8AE80012E141 /* CommonTextField.swift */; };
		C1CD9D89268C8B220012E141 /* ExTextField.swift in Sources */ = {isa = PBXBuildFile; fileRef = C1CD9D88268C8B220012E141 /* ExTextField.swift */; };
		C1CD9D8B268C8C0A0012E141 /* ErrorLabel.swift in Sources */ = {isa = PBXBuildFile; fileRef = C1CD9D8A268C8C0A0012E141 /* ErrorLabel.swift */; };
		C1CD9D8D268C8DC20012E141 /* RoundButton.swift in Sources */ = {isa = PBXBuildFile; fileRef = C1CD9D8C268C8DC20012E141 /* RoundButton.swift */; };
		C1CD9D8F268C8F3A0012E141 /* RegexHelper.swift in Sources */ = {isa = PBXBuildFile; fileRef = C1CD9D8E268C8F3A0012E141 /* RegexHelper.swift */; };
		C1CD9D92268C910D0012E141 /* Service.swift in Sources */ = {isa = PBXBuildFile; fileRef = C1CD9D91268C910D0012E141 /* Service.swift */; };
		C1CD9D95268C940D0012E141 /* UDCError.swift in Sources */ = {isa = PBXBuildFile; fileRef = C1CD9D94268C940D0012E141 /* UDCError.swift */; };
		C1CD9D97268C946E0012E141 /* ServiceError.swift in Sources */ = {isa = PBXBuildFile; fileRef = C1CD9D96268C946E0012E141 /* ServiceError.swift */; };
		C1CD9D99268C947F0012E141 /* ErrorCode.swift in Sources */ = {isa = PBXBuildFile; fileRef = C1CD9D98268C947F0012E141 /* ErrorCode.swift */; };
		C1CD9D9B268C94D10012E141 /* Auth+UserService.swift in Sources */ = {isa = PBXBuildFile; fileRef = C1CD9D9A268C94D10012E141 /* Auth+UserService.swift */; };
		C1CD9D9D268C96020012E141 /* AppService.swift in Sources */ = {isa = PBXBuildFile; fileRef = C1CD9D9C268C96020012E141 /* AppService.swift */; };
		C1CD9D9F269B12500012E141 /* EventService.swift in Sources */ = {isa = PBXBuildFile; fileRef = C1CD9D9E269B12500012E141 /* EventService.swift */; };
		C1CD9DA1269B12DF0012E141 /* Event.swift in Sources */ = {isa = PBXBuildFile; fileRef = C1CD9DA0269B12DF0012E141 /* Event.swift */; };
		C1DA5A9126A7BE44007158F6 /* MainEventItemCell.swift in Sources */ = {isa = PBXBuildFile; fileRef = C1DA5A9026A7BE44007158F6 /* MainEventItemCell.swift */; };
		C1DA5A9326A7BE5A007158F6 /* EventItemCell.swift in Sources */ = {isa = PBXBuildFile; fileRef = C1DA5A9226A7BE5A007158F6 /* EventItemCell.swift */; };
		C1DA5A9526A7D25C007158F6 /* ExTableViewCell.swift in Sources */ = {isa = PBXBuildFile; fileRef = C1DA5A9426A7D25B007158F6 /* ExTableViewCell.swift */; };
		C1DA5A9726A7D2A9007158F6 /* ExImageView.swift in Sources */ = {isa = PBXBuildFile; fileRef = C1DA5A9626A7D2A9007158F6 /* ExImageView.swift */; };
		C1DA5A9D26A8F346007158F6 /* MainClassItemCell.swift in Sources */ = {isa = PBXBuildFile; fileRef = C1DA5A9C26A8F346007158F6 /* MainClassItemCell.swift */; };
		C1DA5AA026A8F388007158F6 /* MainClassVC.swift in Sources */ = {isa = PBXBuildFile; fileRef = C1DA5A9F26A8F388007158F6 /* MainClassVC.swift */; };
		C1DA5AA226A8F558007158F6 /* DanceClassService.swift in Sources */ = {isa = PBXBuildFile; fileRef = C1DA5AA126A8F558007158F6 /* DanceClassService.swift */; };
		C1DA5AA426A8F589007158F6 /* DanceClass.swift in Sources */ = {isa = PBXBuildFile; fileRef = C1DA5AA326A8F589007158F6 /* DanceClass.swift */; };
		C1DA5AA626A8F626007158F6 /* Artist.swift in Sources */ = {isa = PBXBuildFile; fileRef = C1DA5AA526A8F626007158F6 /* Artist.swift */; };
		C1DA5AA826A8FAE5007158F6 /* SectionHeaderTVCell.swift in Sources */ = {isa = PBXBuildFile; fileRef = C1DA5AA726A8FAE5007158F6 /* SectionHeaderTVCell.swift */; };
/* End PBXBuildFile section */

/* Begin PBXContainerItemProxy section */
		C11DA19D265E7E9B006EA241 /* PBXContainerItemProxy */ = {
			isa = PBXContainerItemProxy;
			containerPortal = C11DA17E265E7E99006EA241 /* Project object */;
			proxyType = 1;
			remoteGlobalIDString = C11DA185265E7E99006EA241;
			remoteInfo = udc;
		};
		C11DA1A8265E7E9B006EA241 /* PBXContainerItemProxy */ = {
			isa = PBXContainerItemProxy;
			containerPortal = C11DA17E265E7E99006EA241 /* Project object */;
			proxyType = 1;
			remoteGlobalIDString = C11DA185265E7E99006EA241;
			remoteInfo = udc;
		};
/* End PBXContainerItemProxy section */

/* Begin PBXFileReference section */
		71888A3A290E28E2B2AFB1EB /* Pods_udc.framework */ = {isa = PBXFileReference; explicitFileType = wrapper.framework; includeInIndex = 0; path = Pods_udc.framework; sourceTree = BUILT_PRODUCTS_DIR; };
		7427B9D64399747CE5FB44A0 /* Pods-udc.release.xcconfig */ = {isa = PBXFileReference; includeInIndex = 1; lastKnownFileType = text.xcconfig; name = "Pods-udc.release.xcconfig"; path = "Target Support Files/Pods-udc/Pods-udc.release.xcconfig"; sourceTree = "<group>"; };
		97C9C55A9F38F9FAA0528828 /* Pods-udc.debug.xcconfig */ = {isa = PBXFileReference; includeInIndex = 1; lastKnownFileType = text.xcconfig; name = "Pods-udc.debug.xcconfig"; path = "Target Support Files/Pods-udc/Pods-udc.debug.xcconfig"; sourceTree = "<group>"; };
		C11DA186265E7E99006EA241 /* udc.app */ = {isa = PBXFileReference; explicitFileType = wrapper.application; includeInIndex = 0; path = udc.app; sourceTree = BUILT_PRODUCTS_DIR; };
		C11DA189265E7E99006EA241 /* AppDelegate.swift */ = {isa = PBXFileReference; lastKnownFileType = sourcecode.swift; path = AppDelegate.swift; sourceTree = "<group>"; };
		C11DA192265E7E9B006EA241 /* Assets.xcassets */ = {isa = PBXFileReference; lastKnownFileType = folder.assetcatalog; path = Assets.xcassets; sourceTree = "<group>"; };
		C11DA195265E7E9B006EA241 /* Base */ = {isa = PBXFileReference; lastKnownFileType = file.storyboard; name = Base; path = Base.lproj/LaunchScreen.storyboard; sourceTree = "<group>"; };
		C11DA197265E7E9B006EA241 /* Info.plist */ = {isa = PBXFileReference; lastKnownFileType = text.plist.xml; path = Info.plist; sourceTree = "<group>"; };
		C11DA19C265E7E9B006EA241 /* udcTests.xctest */ = {isa = PBXFileReference; explicitFileType = wrapper.cfbundle; includeInIndex = 0; path = udcTests.xctest; sourceTree = BUILT_PRODUCTS_DIR; };
		C11DA1A0265E7E9B006EA241 /* udcTests.swift */ = {isa = PBXFileReference; lastKnownFileType = sourcecode.swift; path = udcTests.swift; sourceTree = "<group>"; };
		C11DA1A2265E7E9B006EA241 /* Info.plist */ = {isa = PBXFileReference; lastKnownFileType = text.plist.xml; path = Info.plist; sourceTree = "<group>"; };
		C11DA1A7265E7E9B006EA241 /* udcUITests.xctest */ = {isa = PBXFileReference; explicitFileType = wrapper.cfbundle; includeInIndex = 0; path = udcUITests.xctest; sourceTree = BUILT_PRODUCTS_DIR; };
		C11DA1AB265E7E9B006EA241 /* udcUITests.swift */ = {isa = PBXFileReference; lastKnownFileType = sourcecode.swift; path = udcUITests.swift; sourceTree = "<group>"; };
		C11DA1AD265E7E9B006EA241 /* Info.plist */ = {isa = PBXFileReference; lastKnownFileType = text.plist.xml; path = Info.plist; sourceTree = "<group>"; };
		C11DA1BB265E8796006EA241 /* TabBarVC.swift */ = {isa = PBXFileReference; lastKnownFileType = sourcecode.swift; path = TabBarVC.swift; sourceTree = "<group>"; };
		C11DA1C1265E8CC4006EA241 /* HomeVC.swift */ = {isa = PBXFileReference; lastKnownFileType = sourcecode.swift; path = HomeVC.swift; sourceTree = "<group>"; };
		C11DA1C5265E8D5F006EA241 /* EXViewController.swift */ = {isa = PBXFileReference; lastKnownFileType = sourcecode.swift; path = EXViewController.swift; sourceTree = "<group>"; };
		C11DA1C7265E8E29006EA241 /* UIImage.swift */ = {isa = PBXFileReference; lastKnownFileType = sourcecode.swift; path = UIImage.swift; sourceTree = "<group>"; };
		C11DA1C9265E8E6A006EA241 /* MapVC.swift */ = {isa = PBXFileReference; lastKnownFileType = sourcecode.swift; path = MapVC.swift; sourceTree = "<group>"; };
		C11DA1CB265E8E71006EA241 /* ClassVC.swift */ = {isa = PBXFileReference; lastKnownFileType = sourcecode.swift; path = ClassVC.swift; sourceTree = "<group>"; };
		C11DA1CD265E8E7B006EA241 /* ProfileVC.swift */ = {isa = PBXFileReference; lastKnownFileType = sourcecode.swift; path = ProfileVC.swift; sourceTree = "<group>"; };
		C11DA1CF265E8F96006EA241 /* SplashVC.swift */ = {isa = PBXFileReference; lastKnownFileType = sourcecode.swift; path = SplashVC.swift; sourceTree = "<group>"; };
		C11DA1D1265E8FD8006EA241 /* UIView.swift */ = {isa = PBXFileReference; lastKnownFileType = sourcecode.swift; path = UIView.swift; sourceTree = "<group>"; };
		C11DA1D3265E907F006EA241 /* Extensions.swift */ = {isa = PBXFileReference; lastKnownFileType = sourcecode.swift; path = Extensions.swift; sourceTree = "<group>"; };
		C11DA1DA265F1FF0006EA241 /* LogHelper.swift */ = {isa = PBXFileReference; lastKnownFileType = sourcecode.swift; path = LogHelper.swift; sourceTree = "<group>"; };
		C11DA1DC26600637006EA241 /* UIColor.swift */ = {isa = PBXFileReference; lastKnownFileType = sourcecode.swift; path = UIColor.swift; sourceTree = "<group>"; };
		C16B83EB26ADA1230028FFD8 /* EventDetailVC.swift */ = {isa = PBXFileReference; lastKnownFileType = sourcecode.swift; path = EventDetailVC.swift; sourceTree = "<group>"; };
		C16B83ED26ADA60E0028FFD8 /* PopAnimator.swift */ = {isa = PBXFileReference; lastKnownFileType = sourcecode.swift; path = PopAnimator.swift; sourceTree = "<group>"; };
		C16B83EF26AEC34D0028FFD8 /* ImagePickerView.swift */ = {isa = PBXFileReference; lastKnownFileType = sourcecode.swift; path = ImagePickerView.swift; sourceTree = "<group>"; };
		C16B83F126AF1A6E0028FFD8 /* CommonTextView.swift */ = {isa = PBXFileReference; lastKnownFileType = sourcecode.swift; path = CommonTextView.swift; sourceTree = "<group>"; };
		C16B83F326AF1A830028FFD8 /* EXTextView.swift */ = {isa = PBXFileReference; lastKnownFileType = sourcecode.swift; path = EXTextView.swift; sourceTree = "<group>"; };
		C16B83F526AF1E6C0028FFD8 /* BoxLabel.swift */ = {isa = PBXFileReference; lastKnownFileType = sourcecode.swift; path = BoxLabel.swift; sourceTree = "<group>"; };
		C16B83F726AF9B400028FFD8 /* DatePickVC.swift */ = {isa = PBXFileReference; lastKnownFileType = sourcecode.swift; path = DatePickVC.swift; sourceTree = "<group>"; };
		C16B83F926AFC7D20028FFD8 /* LocationPickVC.swift */ = {isa = PBXFileReference; lastKnownFileType = sourcecode.swift; path = LocationPickVC.swift; sourceTree = "<group>"; };
		C16B83FB26AFD0B60028FFD8 /* NaverMap.swift */ = {isa = PBXFileReference; lastKnownFileType = sourcecode.swift; path = NaverMap.swift; sourceTree = "<group>"; };
		C16B83FD26AFD3790028FFD8 /* NaverMapService.swift */ = {isa = PBXFileReference; lastKnownFileType = sourcecode.swift; path = NaverMapService.swift; sourceTree = "<group>"; };
		C16B83FF26AFF5FB0028FFD8 /* TypePickVC.swift */ = {isa = PBXFileReference; lastKnownFileType = sourcecode.swift; path = TypePickVC.swift; sourceTree = "<group>"; };
		C1A51D4E26AA550800501440 /* EventUploadVC.swift */ = {isa = PBXFileReference; lastKnownFileType = sourcecode.swift; path = EventUploadVC.swift; sourceTree = "<group>"; };
		C1A51D5226AAABFD00501440 /* ProfileHeaderVC.swift */ = {isa = PBXFileReference; lastKnownFileType = sourcecode.swift; path = ProfileHeaderVC.swift; sourceTree = "<group>"; };
		C1A51D5526AAAC7C00501440 /* EventCollectionVC.swift */ = {isa = PBXFileReference; lastKnownFileType = sourcecode.swift; path = EventCollectionVC.swift; sourceTree = "<group>"; };
		C1A51D5726AAAC8500501440 /* PendingEventVC.swift */ = {isa = PBXFileReference; lastKnownFileType = sourcecode.swift; path = PendingEventVC.swift; sourceTree = "<group>"; };
		C1A51D5926AAAD0200501440 /* ProfileHeaderView.swift */ = {isa = PBXFileReference; lastKnownFileType = sourcecode.swift; path = ProfileHeaderView.swift; sourceTree = "<group>"; };
		C1A51D5B26AAAD4400501440 /* Segment.swift */ = {isa = PBXFileReference; lastKnownFileType = sourcecode.swift; path = Segment.swift; sourceTree = "<group>"; };
		C1A51D5E26AAB14C00501440 /* EventCVCell.swift */ = {isa = PBXFileReference; lastKnownFileType = sourcecode.swift; path = EventCVCell.swift; sourceTree = "<group>"; };
		C1A51D6026AAB62D00501440 /* ProfileImageView.swift */ = {isa = PBXFileReference; lastKnownFileType = sourcecode.swift; path = ProfileImageView.swift; sourceTree = "<group>"; };
		C1BEA8FA267F691700BB8DAB /* AppNavigator.swift */ = {isa = PBXFileReference; lastKnownFileType = sourcecode.swift; path = AppNavigator.swift; sourceTree = "<group>"; };
		C1CD9D71268C5DE00012E141 /* MainEventVC.swift */ = {isa = PBXFileReference; lastKnownFileType = sourcecode.swift; path = MainEventVC.swift; sourceTree = "<group>"; };
		C1CD9D73268C5DF90012E141 /* EventListVC.swift */ = {isa = PBXFileReference; lastKnownFileType = sourcecode.swift; path = EventListVC.swift; sourceTree = "<group>"; };
		C1CD9D75268C5E570012E141 /* ExCollectionViewCell.swift */ = {isa = PBXFileReference; lastKnownFileType = sourcecode.swift; path = ExCollectionViewCell.swift; sourceTree = "<group>"; };
		C1CD9D78268C5F3A0012E141 /* LoginVC.swift */ = {isa = PBXFileReference; lastKnownFileType = sourcecode.swift; path = LoginVC.swift; sourceTree = "<group>"; };
		C1CD9D7B268C60A20012E141 /* AppModel.swift */ = {isa = PBXFileReference; lastKnownFileType = sourcecode.swift; path = AppModel.swift; sourceTree = "<group>"; };
		C1CD9D7D268C60B90012E141 /* User.swift */ = {isa = PBXFileReference; lastKnownFileType = sourcecode.swift; path = User.swift; sourceTree = "<group>"; };
		C1CD9D7F268C674D0012E141 /* JSONDecoder.swift */ = {isa = PBXFileReference; lastKnownFileType = sourcecode.swift; path = JSONDecoder.swift; sourceTree = "<group>"; };
		C1CD9D81268C89020012E141 /* Str.swift */ = {isa = PBXFileReference; lastKnownFileType = sourcecode.swift; path = Str.swift; sourceTree = "<group>"; };
		C1CD9D83268C89640012E141 /* Font.swift */ = {isa = PBXFileReference; lastKnownFileType = sourcecode.swift; path = Font.swift; sourceTree = "<group>"; };
		C1CD9D86268C8AE80012E141 /* CommonTextField.swift */ = {isa = PBXFileReference; lastKnownFileType = sourcecode.swift; path = CommonTextField.swift; sourceTree = "<group>"; };
		C1CD9D88268C8B220012E141 /* ExTextField.swift */ = {isa = PBXFileReference; lastKnownFileType = sourcecode.swift; path = ExTextField.swift; sourceTree = "<group>"; };
		C1CD9D8A268C8C0A0012E141 /* ErrorLabel.swift */ = {isa = PBXFileReference; lastKnownFileType = sourcecode.swift; path = ErrorLabel.swift; sourceTree = "<group>"; };
		C1CD9D8C268C8DC20012E141 /* RoundButton.swift */ = {isa = PBXFileReference; lastKnownFileType = sourcecode.swift; path = RoundButton.swift; sourceTree = "<group>"; };
		C1CD9D8E268C8F3A0012E141 /* RegexHelper.swift */ = {isa = PBXFileReference; lastKnownFileType = sourcecode.swift; path = RegexHelper.swift; sourceTree = "<group>"; };
		C1CD9D91268C910D0012E141 /* Service.swift */ = {isa = PBXFileReference; lastKnownFileType = sourcecode.swift; path = Service.swift; sourceTree = "<group>"; };
		C1CD9D94268C940D0012E141 /* UDCError.swift */ = {isa = PBXFileReference; lastKnownFileType = sourcecode.swift; path = UDCError.swift; sourceTree = "<group>"; };
		C1CD9D96268C946E0012E141 /* ServiceError.swift */ = {isa = PBXFileReference; lastKnownFileType = sourcecode.swift; path = ServiceError.swift; sourceTree = "<group>"; };
		C1CD9D98268C947F0012E141 /* ErrorCode.swift */ = {isa = PBXFileReference; lastKnownFileType = sourcecode.swift; path = ErrorCode.swift; sourceTree = "<group>"; };
		C1CD9D9A268C94D10012E141 /* Auth+UserService.swift */ = {isa = PBXFileReference; lastKnownFileType = sourcecode.swift; path = "Auth+UserService.swift"; sourceTree = "<group>"; };
		C1CD9D9C268C96020012E141 /* AppService.swift */ = {isa = PBXFileReference; lastKnownFileType = sourcecode.swift; path = AppService.swift; sourceTree = "<group>"; };
		C1CD9D9E269B12500012E141 /* EventService.swift */ = {isa = PBXFileReference; lastKnownFileType = sourcecode.swift; path = EventService.swift; sourceTree = "<group>"; };
		C1CD9DA0269B12DF0012E141 /* Event.swift */ = {isa = PBXFileReference; lastKnownFileType = sourcecode.swift; path = Event.swift; sourceTree = "<group>"; };
		C1DA5A9026A7BE44007158F6 /* MainEventItemCell.swift */ = {isa = PBXFileReference; lastKnownFileType = sourcecode.swift; path = MainEventItemCell.swift; sourceTree = "<group>"; };
		C1DA5A9226A7BE5A007158F6 /* EventItemCell.swift */ = {isa = PBXFileReference; lastKnownFileType = sourcecode.swift; path = EventItemCell.swift; sourceTree = "<group>"; };
		C1DA5A9426A7D25B007158F6 /* ExTableViewCell.swift */ = {isa = PBXFileReference; lastKnownFileType = sourcecode.swift; path = ExTableViewCell.swift; sourceTree = "<group>"; };
		C1DA5A9626A7D2A9007158F6 /* ExImageView.swift */ = {isa = PBXFileReference; lastKnownFileType = sourcecode.swift; path = ExImageView.swift; sourceTree = "<group>"; };
		C1DA5A9C26A8F346007158F6 /* MainClassItemCell.swift */ = {isa = PBXFileReference; lastKnownFileType = sourcecode.swift; path = MainClassItemCell.swift; sourceTree = "<group>"; };
		C1DA5A9F26A8F388007158F6 /* MainClassVC.swift */ = {isa = PBXFileReference; lastKnownFileType = sourcecode.swift; path = MainClassVC.swift; sourceTree = "<group>"; };
		C1DA5AA126A8F558007158F6 /* DanceClassService.swift */ = {isa = PBXFileReference; lastKnownFileType = sourcecode.swift; path = DanceClassService.swift; sourceTree = "<group>"; };
		C1DA5AA326A8F589007158F6 /* DanceClass.swift */ = {isa = PBXFileReference; lastKnownFileType = sourcecode.swift; path = DanceClass.swift; sourceTree = "<group>"; };
		C1DA5AA526A8F626007158F6 /* Artist.swift */ = {isa = PBXFileReference; lastKnownFileType = sourcecode.swift; path = Artist.swift; sourceTree = "<group>"; };
		C1DA5AA726A8FAE5007158F6 /* SectionHeaderTVCell.swift */ = {isa = PBXFileReference; lastKnownFileType = sourcecode.swift; path = SectionHeaderTVCell.swift; sourceTree = "<group>"; };
/* End PBXFileReference section */

/* Begin PBXFrameworksBuildPhase section */
		C11DA183265E7E99006EA241 /* Frameworks */ = {
			isa = PBXFrameworksBuildPhase;
			buildActionMask = 2147483647;
			files = (
				B5756CDA0F4257B02839E003 /* Pods_udc.framework in Frameworks */,
			);
			runOnlyForDeploymentPostprocessing = 0;
		};
		C11DA199265E7E9B006EA241 /* Frameworks */ = {
			isa = PBXFrameworksBuildPhase;
			buildActionMask = 2147483647;
			files = (
			);
			runOnlyForDeploymentPostprocessing = 0;
		};
		C11DA1A4265E7E9B006EA241 /* Frameworks */ = {
			isa = PBXFrameworksBuildPhase;
			buildActionMask = 2147483647;
			files = (
			);
			runOnlyForDeploymentPostprocessing = 0;
		};
/* End PBXFrameworksBuildPhase section */

/* Begin PBXGroup section */
		C11DA17D265E7E99006EA241 = {
			isa = PBXGroup;
			children = (
				C11DA188265E7E99006EA241 /* udc */,
				C11DA19F265E7E9B006EA241 /* udcTests */,
				C11DA1AA265E7E9B006EA241 /* udcUITests */,
				C11DA187265E7E99006EA241 /* Products */,
				CA729A1C3794159E14F8E55F /* Pods */,
				F47012CDBAC7BD4F3A1DCE53 /* Frameworks */,
			);
			sourceTree = "<group>";
		};
		C11DA187265E7E99006EA241 /* Products */ = {
			isa = PBXGroup;
			children = (
				C11DA186265E7E99006EA241 /* udc.app */,
				C11DA19C265E7E9B006EA241 /* udcTests.xctest */,
				C11DA1A7265E7E9B006EA241 /* udcUITests.xctest */,
			);
			name = Products;
			sourceTree = "<group>";
		};
		C11DA188265E7E99006EA241 /* udc */ = {
			isa = PBXGroup;
			children = (
				C1CD9D93268C94040012E141 /* Error */,
				C1CD9D90268C90D40012E141 /* Service */,
				C1CD9D85268C8AD20012E141 /* Views */,
				C1CD9D7A268C60950012E141 /* Models */,
				C11DA1D6265E9110006EA241 /* Resources */,
				C11DA1C3265E8D43006EA241 /* Common */,
				C11DA1BA265E8778006EA241 /* ViewControllers */,
				C11DA1B9265E7F3F006EA241 /* Application */,
				C11DA197265E7E9B006EA241 /* Info.plist */,
			);
			path = udc;
			sourceTree = "<group>";
		};
		C11DA19F265E7E9B006EA241 /* udcTests */ = {
			isa = PBXGroup;
			children = (
				C11DA1A0265E7E9B006EA241 /* udcTests.swift */,
				C11DA1A2265E7E9B006EA241 /* Info.plist */,
			);
			path = udcTests;
			sourceTree = "<group>";
		};
		C11DA1AA265E7E9B006EA241 /* udcUITests */ = {
			isa = PBXGroup;
			children = (
				C11DA1AB265E7E9B006EA241 /* udcUITests.swift */,
				C11DA1AD265E7E9B006EA241 /* Info.plist */,
			);
			path = udcUITests;
			sourceTree = "<group>";
		};
		C11DA1B9265E7F3F006EA241 /* Application */ = {
			isa = PBXGroup;
			children = (
				C11DA189265E7E99006EA241 /* AppDelegate.swift */,
				C1BEA8FA267F691700BB8DAB /* AppNavigator.swift */,
			);
			path = Application;
			sourceTree = "<group>";
		};
		C11DA1BA265E8778006EA241 /* ViewControllers */ = {
			isa = PBXGroup;
			children = (
				C1A51D5D26AAB12F00501440 /* Common */,
				C1A51D4D26AA54FA00501440 /* Upload */,
				C1CD9D77268C5F290012E141 /* Login */,
				C11DA1D5265E90B1006EA241 /* Splash */,
				C11DA1C0265E88F7006EA241 /* Profile */,
				C11DA1BF265E88EE006EA241 /* Class */,
				C11DA1BE265E88E8006EA241 /* Map */,
				C11DA1BD265E87D4006EA241 /* Home */,
				C11DA1BB265E8796006EA241 /* TabBarVC.swift */,
			);
			path = ViewControllers;
			sourceTree = "<group>";
		};
		C11DA1BD265E87D4006EA241 /* Home */ = {
			isa = PBXGroup;
			children = (
				C16B83EA26ADA1100028FFD8 /* detail */,
				C11DA1C1265E8CC4006EA241 /* HomeVC.swift */,
				C1CD9D71268C5DE00012E141 /* MainEventVC.swift */,
				C1CD9D73268C5DF90012E141 /* EventListVC.swift */,
				C1DA5A9026A7BE44007158F6 /* MainEventItemCell.swift */,
				C1DA5A9226A7BE5A007158F6 /* EventItemCell.swift */,
			);
			path = Home;
			sourceTree = "<group>";
		};
		C11DA1BE265E88E8006EA241 /* Map */ = {
			isa = PBXGroup;
			children = (
				C11DA1C9265E8E6A006EA241 /* MapVC.swift */,
			);
			path = Map;
			sourceTree = "<group>";
		};
		C11DA1BF265E88EE006EA241 /* Class */ = {
			isa = PBXGroup;
			children = (
				C1DA5A9E26A8F36E007158F6 /* Detail */,
				C11DA1CB265E8E71006EA241 /* ClassVC.swift */,
				C1DA5A9F26A8F388007158F6 /* MainClassVC.swift */,
				C1DA5A9C26A8F346007158F6 /* MainClassItemCell.swift */,
			);
			path = Class;
			sourceTree = "<group>";
		};
		C11DA1C0265E88F7006EA241 /* Profile */ = {
			isa = PBXGroup;
			children = (
				C1A51D5426AAAC5F00501440 /* Tab */,
				C11DA1CD265E8E7B006EA241 /* ProfileVC.swift */,
				C1A51D5226AAABFD00501440 /* ProfileHeaderVC.swift */,
				C1A51D5926AAAD0200501440 /* ProfileHeaderView.swift */,
			);
			path = Profile;
			sourceTree = "<group>";
		};
		C11DA1C3265E8D43006EA241 /* Common */ = {
			isa = PBXGroup;
			children = (
				C11DA1D9265F1FE5006EA241 /* Helper */,
				C11DA1C4265E8D4A006EA241 /* EXKit */,
			);
			path = Common;
			sourceTree = "<group>";
		};
		C11DA1C4265E8D4A006EA241 /* EXKit */ = {
			isa = PBXGroup;
			children = (
				C11DA1C5265E8D5F006EA241 /* EXViewController.swift */,
				C11DA1C7265E8E29006EA241 /* UIImage.swift */,
				C11DA1D1265E8FD8006EA241 /* UIView.swift */,
				C11DA1D3265E907F006EA241 /* Extensions.swift */,
				C1CD9D75268C5E570012E141 /* ExCollectionViewCell.swift */,
				C1CD9D7F268C674D0012E141 /* JSONDecoder.swift */,
				C1CD9D88268C8B220012E141 /* ExTextField.swift */,
				C1DA5A9426A7D25B007158F6 /* ExTableViewCell.swift */,
				C1DA5A9626A7D2A9007158F6 /* ExImageView.swift */,
				C16B83F326AF1A830028FFD8 /* EXTextView.swift */,
			);
			path = EXKit;
			sourceTree = "<group>";
		};
		C11DA1D5265E90B1006EA241 /* Splash */ = {
			isa = PBXGroup;
			children = (
				C11DA194265E7E9B006EA241 /* LaunchScreen.storyboard */,
				C11DA1CF265E8F96006EA241 /* SplashVC.swift */,
			);
			path = Splash;
			sourceTree = "<group>";
		};
		C11DA1D6265E9110006EA241 /* Resources */ = {
			isa = PBXGroup;
			children = (
				C11DA1DC26600637006EA241 /* UIColor.swift */,
				C11DA192265E7E9B006EA241 /* Assets.xcassets */,
				C1CD9D81268C89020012E141 /* Str.swift */,
				C1CD9D83268C89640012E141 /* Font.swift */,
			);
			path = Resources;
			sourceTree = "<group>";
		};
		C11DA1D9265F1FE5006EA241 /* Helper */ = {
			isa = PBXGroup;
			children = (
				C11DA1DA265F1FF0006EA241 /* LogHelper.swift */,
				C1CD9D8E268C8F3A0012E141 /* RegexHelper.swift */,
				C16B83ED26ADA60E0028FFD8 /* PopAnimator.swift */,
			);
			path = Helper;
			sourceTree = "<group>";
		};
		C16B83EA26ADA1100028FFD8 /* detail */ = {
			isa = PBXGroup;
			children = (
				C16B83EB26ADA1230028FFD8 /* EventDetailVC.swift */,
			);
			path = detail;
			sourceTree = "<group>";
		};
		C1A51D4D26AA54FA00501440 /* Upload */ = {
			isa = PBXGroup;
			children = (
				C16B83F726AF9B400028FFD8 /* DatePickVC.swift */,
				C16B83F926AFC7D20028FFD8 /* LocationPickVC.swift */,
				C1A51D4E26AA550800501440 /* EventUploadVC.swift */,
				C16B83FF26AFF5FB0028FFD8 /* TypePickVC.swift */,
			);
			path = Upload;
			sourceTree = "<group>";
		};
		C1A51D5426AAAC5F00501440 /* Tab */ = {
			isa = PBXGroup;
			children = (
				C1A51D5526AAAC7C00501440 /* EventCollectionVC.swift */,
				C1A51D5726AAAC8500501440 /* PendingEventVC.swift */,
			);
			path = Tab;
			sourceTree = "<group>";
		};
		C1A51D5D26AAB12F00501440 /* Common */ = {
			isa = PBXGroup;
			children = (
				C1A51D5E26AAB14C00501440 /* EventCVCell.swift */,
			);
			path = Common;
			sourceTree = "<group>";
		};
		C1CD9D77268C5F290012E141 /* Login */ = {
			isa = PBXGroup;
			children = (
				C1CD9D78268C5F3A0012E141 /* LoginVC.swift */,
			);
			path = Login;
			sourceTree = "<group>";
		};
		C1CD9D7A268C60950012E141 /* Models */ = {
			isa = PBXGroup;
			children = (
				C1CD9D7B268C60A20012E141 /* AppModel.swift */,
				C1CD9D7D268C60B90012E141 /* User.swift */,
				C1CD9DA0269B12DF0012E141 /* Event.swift */,
				C1DA5AA326A8F589007158F6 /* DanceClass.swift */,
				C1DA5AA526A8F626007158F6 /* Artist.swift */,
				C16B83FB26AFD0B60028FFD8 /* NaverMap.swift */,
			);
			path = Models;
			sourceTree = "<group>";
		};
		C1CD9D85268C8AD20012E141 /* Views */ = {
			isa = PBXGroup;
			children = (
				C1CD9D86268C8AE80012E141 /* CommonTextField.swift */,
				C1CD9D8A268C8C0A0012E141 /* ErrorLabel.swift */,
				C1CD9D8C268C8DC20012E141 /* RoundButton.swift */,
				C1DA5AA726A8FAE5007158F6 /* SectionHeaderTVCell.swift */,
				C1A51D5B26AAAD4400501440 /* Segment.swift */,
				C1A51D6026AAB62D00501440 /* ProfileImageView.swift */,
				C16B83EF26AEC34D0028FFD8 /* ImagePickerView.swift */,
				C16B83F126AF1A6E0028FFD8 /* CommonTextView.swift */,
				C16B83F526AF1E6C0028FFD8 /* BoxLabel.swift */,
			);
			path = Views;
			sourceTree = "<group>";
		};
		C1CD9D90268C90D40012E141 /* Service */ = {
			isa = PBXGroup;
			children = (
				C1CD9D91268C910D0012E141 /* Service.swift */,
				C1CD9D9A268C94D10012E141 /* Auth+UserService.swift */,
				C1CD9D9C268C96020012E141 /* AppService.swift */,
				C1CD9D9E269B12500012E141 /* EventService.swift */,
				C1DA5AA126A8F558007158F6 /* DanceClassService.swift */,
				C16B83FD26AFD3790028FFD8 /* NaverMapService.swift */,
			);
			path = Service;
			sourceTree = "<group>";
		};
		C1CD9D93268C94040012E141 /* Error */ = {
			isa = PBXGroup;
			children = (
				C1CD9D94268C940D0012E141 /* UDCError.swift */,
				C1CD9D96268C946E0012E141 /* ServiceError.swift */,
				C1CD9D98268C947F0012E141 /* ErrorCode.swift */,
			);
			path = Error;
			sourceTree = "<group>";
		};
		C1DA5A9E26A8F36E007158F6 /* Detail */ = {
			isa = PBXGroup;
			children = (
			);
			path = Detail;
			sourceTree = "<group>";
		};
		CA729A1C3794159E14F8E55F /* Pods */ = {
			isa = PBXGroup;
			children = (
				97C9C55A9F38F9FAA0528828 /* Pods-udc.debug.xcconfig */,
				7427B9D64399747CE5FB44A0 /* Pods-udc.release.xcconfig */,
			);
			path = Pods;
			sourceTree = "<group>";
		};
		F47012CDBAC7BD4F3A1DCE53 /* Frameworks */ = {
			isa = PBXGroup;
			children = (
				71888A3A290E28E2B2AFB1EB /* Pods_udc.framework */,
			);
			name = Frameworks;
			sourceTree = "<group>";
		};
/* End PBXGroup section */

/* Begin PBXNativeTarget section */
		C11DA185265E7E99006EA241 /* udc */ = {
			isa = PBXNativeTarget;
			buildConfigurationList = C11DA1B0265E7E9B006EA241 /* Build configuration list for PBXNativeTarget "udc" */;
			buildPhases = (
				5C9E8EBFD7BE1C57AF882C7C /* [CP] Check Pods Manifest.lock */,
				C11DA182265E7E99006EA241 /* Sources */,
				C11DA183265E7E99006EA241 /* Frameworks */,
				C11DA184265E7E99006EA241 /* Resources */,
				769E573D82533F36EAD44AA7 /* [CP] Embed Pods Frameworks */,
			);
			buildRules = (
			);
			dependencies = (
			);
			name = udc;
			productName = udc;
			productReference = C11DA186265E7E99006EA241 /* udc.app */;
			productType = "com.apple.product-type.application";
		};
		C11DA19B265E7E9B006EA241 /* udcTests */ = {
			isa = PBXNativeTarget;
			buildConfigurationList = C11DA1B3265E7E9B006EA241 /* Build configuration list for PBXNativeTarget "udcTests" */;
			buildPhases = (
				C11DA198265E7E9B006EA241 /* Sources */,
				C11DA199265E7E9B006EA241 /* Frameworks */,
				C11DA19A265E7E9B006EA241 /* Resources */,
			);
			buildRules = (
			);
			dependencies = (
				C11DA19E265E7E9B006EA241 /* PBXTargetDependency */,
			);
			name = udcTests;
			productName = udcTests;
			productReference = C11DA19C265E7E9B006EA241 /* udcTests.xctest */;
			productType = "com.apple.product-type.bundle.unit-test";
		};
		C11DA1A6265E7E9B006EA241 /* udcUITests */ = {
			isa = PBXNativeTarget;
			buildConfigurationList = C11DA1B6265E7E9B006EA241 /* Build configuration list for PBXNativeTarget "udcUITests" */;
			buildPhases = (
				C11DA1A3265E7E9B006EA241 /* Sources */,
				C11DA1A4265E7E9B006EA241 /* Frameworks */,
				C11DA1A5265E7E9B006EA241 /* Resources */,
			);
			buildRules = (
			);
			dependencies = (
				C11DA1A9265E7E9B006EA241 /* PBXTargetDependency */,
			);
			name = udcUITests;
			productName = udcUITests;
			productReference = C11DA1A7265E7E9B006EA241 /* udcUITests.xctest */;
			productType = "com.apple.product-type.bundle.ui-testing";
		};
/* End PBXNativeTarget section */

/* Begin PBXProject section */
		C11DA17E265E7E99006EA241 /* Project object */ = {
			isa = PBXProject;
			attributes = {
				LastSwiftUpdateCheck = 1250;
				LastUpgradeCheck = 1250;
				TargetAttributes = {
					C11DA185265E7E99006EA241 = {
						CreatedOnToolsVersion = 12.5;
					};
					C11DA19B265E7E9B006EA241 = {
						CreatedOnToolsVersion = 12.5;
						TestTargetID = C11DA185265E7E99006EA241;
					};
					C11DA1A6265E7E9B006EA241 = {
						CreatedOnToolsVersion = 12.5;
						TestTargetID = C11DA185265E7E99006EA241;
					};
				};
			};
			buildConfigurationList = C11DA181265E7E99006EA241 /* Build configuration list for PBXProject "udc" */;
			compatibilityVersion = "Xcode 9.3";
			developmentRegion = en;
			hasScannedForEncodings = 0;
			knownRegions = (
				en,
				Base,
			);
			mainGroup = C11DA17D265E7E99006EA241;
			productRefGroup = C11DA187265E7E99006EA241 /* Products */;
			projectDirPath = "";
			projectRoot = "";
			targets = (
				C11DA185265E7E99006EA241 /* udc */,
				C11DA19B265E7E9B006EA241 /* udcTests */,
				C11DA1A6265E7E9B006EA241 /* udcUITests */,
			);
		};
/* End PBXProject section */

/* Begin PBXResourcesBuildPhase section */
		C11DA184265E7E99006EA241 /* Resources */ = {
			isa = PBXResourcesBuildPhase;
			buildActionMask = 2147483647;
			files = (
				C11DA196265E7E9B006EA241 /* LaunchScreen.storyboard in Resources */,
				C11DA193265E7E9B006EA241 /* Assets.xcassets in Resources */,
			);
			runOnlyForDeploymentPostprocessing = 0;
		};
		C11DA19A265E7E9B006EA241 /* Resources */ = {
			isa = PBXResourcesBuildPhase;
			buildActionMask = 2147483647;
			files = (
			);
			runOnlyForDeploymentPostprocessing = 0;
		};
		C11DA1A5265E7E9B006EA241 /* Resources */ = {
			isa = PBXResourcesBuildPhase;
			buildActionMask = 2147483647;
			files = (
			);
			runOnlyForDeploymentPostprocessing = 0;
		};
/* End PBXResourcesBuildPhase section */

/* Begin PBXShellScriptBuildPhase section */
		5C9E8EBFD7BE1C57AF882C7C /* [CP] Check Pods Manifest.lock */ = {
			isa = PBXShellScriptBuildPhase;
			buildActionMask = 2147483647;
			files = (
			);
			inputFileListPaths = (
			);
			inputPaths = (
				"${PODS_PODFILE_DIR_PATH}/Podfile.lock",
				"${PODS_ROOT}/Manifest.lock",
			);
			name = "[CP] Check Pods Manifest.lock";
			outputFileListPaths = (
			);
			outputPaths = (
				"$(DERIVED_FILE_DIR)/Pods-udc-checkManifestLockResult.txt",
			);
			runOnlyForDeploymentPostprocessing = 0;
			shellPath = /bin/sh;
			shellScript = "diff \"${PODS_PODFILE_DIR_PATH}/Podfile.lock\" \"${PODS_ROOT}/Manifest.lock\" > /dev/null\nif [ $? != 0 ] ; then\n    # print error to STDERR\n    echo \"error: The sandbox is not in sync with the Podfile.lock. Run 'pod install' or update your CocoaPods installation.\" >&2\n    exit 1\nfi\n# This output is used by Xcode 'outputs' to avoid re-running this script phase.\necho \"SUCCESS\" > \"${SCRIPT_OUTPUT_FILE_0}\"\n";
			showEnvVarsInLog = 0;
		};
		769E573D82533F36EAD44AA7 /* [CP] Embed Pods Frameworks */ = {
			isa = PBXShellScriptBuildPhase;
			buildActionMask = 2147483647;
			files = (
			);
			inputFileListPaths = (
				"${PODS_ROOT}/Target Support Files/Pods-udc/Pods-udc-frameworks-${CONFIGURATION}-input-files.xcfilelist",
			);
			name = "[CP] Embed Pods Frameworks";
			outputFileListPaths = (
				"${PODS_ROOT}/Target Support Files/Pods-udc/Pods-udc-frameworks-${CONFIGURATION}-output-files.xcfilelist",
			);
			runOnlyForDeploymentPostprocessing = 0;
			shellPath = /bin/sh;
			shellScript = "\"${PODS_ROOT}/Target Support Files/Pods-udc/Pods-udc-frameworks.sh\"\n";
			showEnvVarsInLog = 0;
		};
/* End PBXShellScriptBuildPhase section */

/* Begin PBXSourcesBuildPhase section */
		C11DA182265E7E99006EA241 /* Sources */ = {
			isa = PBXSourcesBuildPhase;
			buildActionMask = 2147483647;
			files = (
				C1DA5AA426A8F589007158F6 /* DanceClass.swift in Sources */,
				C16B83F426AF1A830028FFD8 /* EXTextView.swift in Sources */,
				C1CD9D8D268C8DC20012E141 /* RoundButton.swift in Sources */,
				C16B83FE26AFD3790028FFD8 /* NaverMapService.swift in Sources */,
				C16B840026AFF5FB0028FFD8 /* TypePickVC.swift in Sources */,
				C16B83FC26AFD0B60028FFD8 /* NaverMap.swift in Sources */,
				C1DA5AA226A8F558007158F6 /* DanceClassService.swift in Sources */,
				C1DA5AA626A8F626007158F6 /* Artist.swift in Sources */,
				C16B83EC26ADA1230028FFD8 /* EventDetailVC.swift in Sources */,
				C1A51D5A26AAAD0200501440 /* ProfileHeaderView.swift in Sources */,
				C1CD9D95268C940D0012E141 /* UDCError.swift in Sources */,
				C11DA1CE265E8E7B006EA241 /* ProfileVC.swift in Sources */,
				C11DA1D0265E8F96006EA241 /* SplashVC.swift in Sources */,
				C1CD9D72268C5DE00012E141 /* MainEventVC.swift in Sources */,
				C1CD9D84268C89640012E141 /* Font.swift in Sources */,
				C1CD9D82268C89020012E141 /* Str.swift in Sources */,
				C1DA5A9726A7D2A9007158F6 /* ExImageView.swift in Sources */,
				C16B83F626AF1E6C0028FFD8 /* BoxLabel.swift in Sources */,
				C1A51D5826AAAC8500501440 /* PendingEventVC.swift in Sources */,
				C16B83EE26ADA60E0028FFD8 /* PopAnimator.swift in Sources */,
				C1CD9D76268C5E570012E141 /* ExCollectionViewCell.swift in Sources */,
				C1CD9D74268C5DF90012E141 /* EventListVC.swift in Sources */,
				C1DA5AA026A8F388007158F6 /* MainClassVC.swift in Sources */,
				C1DA5A9D26A8F346007158F6 /* MainClassItemCell.swift in Sources */,
				C1CD9D97268C946E0012E141 /* ServiceError.swift in Sources */,
				C11DA1CC265E8E71006EA241 /* ClassVC.swift in Sources */,
				C1CD9D89268C8B220012E141 /* ExTextField.swift in Sources */,
				C1CD9D8B268C8C0A0012E141 /* ErrorLabel.swift in Sources */,
				C1DA5A9326A7BE5A007158F6 /* EventItemCell.swift in Sources */,
				C1A51D4F26AA550800501440 /* EventUploadVC.swift in Sources */,
				C1CD9D9F269B12500012E141 /* EventService.swift in Sources */,
				C1CD9D80268C674D0012E141 /* JSONDecoder.swift in Sources */,
				C1CD9D92268C910D0012E141 /* Service.swift in Sources */,
				C1CD9D99268C947F0012E141 /* ErrorCode.swift in Sources */,
				C1A51D5C26AAAD4400501440 /* Segment.swift in Sources */,
				C11DA1DD26600637006EA241 /* UIColor.swift in Sources */,
				C1DA5A9526A7D25C007158F6 /* ExTableViewCell.swift in Sources */,
				C11DA1D2265E8FD8006EA241 /* UIView.swift in Sources */,
				C1CD9D7E268C60B90012E141 /* User.swift in Sources */,
				C11DA1C2265E8CC4006EA241 /* HomeVC.swift in Sources */,
				C11DA18A265E7E99006EA241 /* AppDelegate.swift in Sources */,
				C16B83FA26AFC7D20028FFD8 /* LocationPickVC.swift in Sources */,
				C11DA1C6265E8D5F006EA241 /* EXViewController.swift in Sources */,
				C16B83F026AEC34D0028FFD8 /* ImagePickerView.swift in Sources */,
				C1CD9D7C268C60A20012E141 /* AppModel.swift in Sources */,
				C1BEA8FB267F691700BB8DAB /* AppNavigator.swift in Sources */,
				C11DA1D4265E907F006EA241 /* Extensions.swift in Sources */,
				C1A51D5326AAABFD00501440 /* ProfileHeaderVC.swift in Sources */,
				C1DA5AA826A8FAE5007158F6 /* SectionHeaderTVCell.swift in Sources */,
				C1CD9D87268C8AE80012E141 /* CommonTextField.swift in Sources */,
				C11DA1BC265E8796006EA241 /* TabBarVC.swift in Sources */,
				C1A51D6126AAB62D00501440 /* ProfileImageView.swift in Sources */,
				C1CD9DA1269B12DF0012E141 /* Event.swift in Sources */,
				C1CD9D8F268C8F3A0012E141 /* RegexHelper.swift in Sources */,
				C1CD9D79268C5F3A0012E141 /* LoginVC.swift in Sources */,
				C11DA1DB265F1FF0006EA241 /* LogHelper.swift in Sources */,
				C16B83F826AF9B400028FFD8 /* DatePickVC.swift in Sources */,
				C11DA1CA265E8E6A006EA241 /* MapVC.swift in Sources */,
				C1A51D5F26AAB14C00501440 /* EventCVCell.swift in Sources */,
				C11DA1C8265E8E29006EA241 /* UIImage.swift in Sources */,
				C1CD9D9B268C94D10012E141 /* Auth+UserService.swift in Sources */,
				C1DA5A9126A7BE44007158F6 /* MainEventItemCell.swift in Sources */,
				C1A51D5626AAAC7C00501440 /* EventCollectionVC.swift in Sources */,
				C16B83F226AF1A6E0028FFD8 /* CommonTextView.swift in Sources */,
				C1CD9D9D268C96020012E141 /* AppService.swift in Sources */,
			);
			runOnlyForDeploymentPostprocessing = 0;
		};
		C11DA198265E7E9B006EA241 /* Sources */ = {
			isa = PBXSourcesBuildPhase;
			buildActionMask = 2147483647;
			files = (
				C11DA1A1265E7E9B006EA241 /* udcTests.swift in Sources */,
			);
			runOnlyForDeploymentPostprocessing = 0;
		};
		C11DA1A3265E7E9B006EA241 /* Sources */ = {
			isa = PBXSourcesBuildPhase;
			buildActionMask = 2147483647;
			files = (
				C11DA1AC265E7E9B006EA241 /* udcUITests.swift in Sources */,
			);
			runOnlyForDeploymentPostprocessing = 0;
		};
/* End PBXSourcesBuildPhase section */

/* Begin PBXTargetDependency section */
		C11DA19E265E7E9B006EA241 /* PBXTargetDependency */ = {
			isa = PBXTargetDependency;
			target = C11DA185265E7E99006EA241 /* udc */;
			targetProxy = C11DA19D265E7E9B006EA241 /* PBXContainerItemProxy */;
		};
		C11DA1A9265E7E9B006EA241 /* PBXTargetDependency */ = {
			isa = PBXTargetDependency;
			target = C11DA185265E7E99006EA241 /* udc */;
			targetProxy = C11DA1A8265E7E9B006EA241 /* PBXContainerItemProxy */;
		};
/* End PBXTargetDependency section */

/* Begin PBXVariantGroup section */
		C11DA194265E7E9B006EA241 /* LaunchScreen.storyboard */ = {
			isa = PBXVariantGroup;
			children = (
				C11DA195265E7E9B006EA241 /* Base */,
			);
			name = LaunchScreen.storyboard;
			sourceTree = "<group>";
		};
/* End PBXVariantGroup section */

/* Begin XCBuildConfiguration section */
		C11DA1AE265E7E9B006EA241 /* Debug */ = {
			isa = XCBuildConfiguration;
			buildSettings = {
				ALWAYS_SEARCH_USER_PATHS = NO;
				CLANG_ANALYZER_NONNULL = YES;
				CLANG_ANALYZER_NUMBER_OBJECT_CONVERSION = YES_AGGRESSIVE;
				CLANG_CXX_LANGUAGE_STANDARD = "gnu++14";
				CLANG_CXX_LIBRARY = "libc++";
				CLANG_ENABLE_MODULES = YES;
				CLANG_ENABLE_OBJC_ARC = YES;
				CLANG_ENABLE_OBJC_WEAK = YES;
				CLANG_WARN_BLOCK_CAPTURE_AUTORELEASING = YES;
				CLANG_WARN_BOOL_CONVERSION = YES;
				CLANG_WARN_COMMA = YES;
				CLANG_WARN_CONSTANT_CONVERSION = YES;
				CLANG_WARN_DEPRECATED_OBJC_IMPLEMENTATIONS = YES;
				CLANG_WARN_DIRECT_OBJC_ISA_USAGE = YES_ERROR;
				CLANG_WARN_DOCUMENTATION_COMMENTS = YES;
				CLANG_WARN_EMPTY_BODY = YES;
				CLANG_WARN_ENUM_CONVERSION = YES;
				CLANG_WARN_INFINITE_RECURSION = YES;
				CLANG_WARN_INT_CONVERSION = YES;
				CLANG_WARN_NON_LITERAL_NULL_CONVERSION = YES;
				CLANG_WARN_OBJC_IMPLICIT_RETAIN_SELF = YES;
				CLANG_WARN_OBJC_LITERAL_CONVERSION = YES;
				CLANG_WARN_OBJC_ROOT_CLASS = YES_ERROR;
				CLANG_WARN_QUOTED_INCLUDE_IN_FRAMEWORK_HEADER = YES;
				CLANG_WARN_RANGE_LOOP_ANALYSIS = YES;
				CLANG_WARN_STRICT_PROTOTYPES = YES;
				CLANG_WARN_SUSPICIOUS_MOVE = YES;
				CLANG_WARN_UNGUARDED_AVAILABILITY = YES_AGGRESSIVE;
				CLANG_WARN_UNREACHABLE_CODE = YES;
				CLANG_WARN__DUPLICATE_METHOD_MATCH = YES;
				COPY_PHASE_STRIP = NO;
				DEBUG_INFORMATION_FORMAT = dwarf;
				ENABLE_STRICT_OBJC_MSGSEND = YES;
				ENABLE_TESTABILITY = YES;
				GCC_C_LANGUAGE_STANDARD = gnu11;
				GCC_DYNAMIC_NO_PIC = NO;
				GCC_NO_COMMON_BLOCKS = YES;
				GCC_OPTIMIZATION_LEVEL = 0;
				GCC_PREPROCESSOR_DEFINITIONS = (
					"DEBUG=1",
					"$(inherited)",
				);
				GCC_WARN_64_TO_32_BIT_CONVERSION = YES;
				GCC_WARN_ABOUT_RETURN_TYPE = YES_ERROR;
				GCC_WARN_UNDECLARED_SELECTOR = YES;
				GCC_WARN_UNINITIALIZED_AUTOS = YES_AGGRESSIVE;
				GCC_WARN_UNUSED_FUNCTION = YES;
				GCC_WARN_UNUSED_VARIABLE = YES;
				IPHONEOS_DEPLOYMENT_TARGET = 12.1;
				MTL_ENABLE_DEBUG_INFO = INCLUDE_SOURCE;
				MTL_FAST_MATH = YES;
				ONLY_ACTIVE_ARCH = YES;
				SDKROOT = iphoneos;
				SWIFT_ACTIVE_COMPILATION_CONDITIONS = DEBUG;
				SWIFT_OPTIMIZATION_LEVEL = "-Onone";
			};
			name = Debug;
		};
		C11DA1AF265E7E9B006EA241 /* Release */ = {
			isa = XCBuildConfiguration;
			buildSettings = {
				ALWAYS_SEARCH_USER_PATHS = NO;
				CLANG_ANALYZER_NONNULL = YES;
				CLANG_ANALYZER_NUMBER_OBJECT_CONVERSION = YES_AGGRESSIVE;
				CLANG_CXX_LANGUAGE_STANDARD = "gnu++14";
				CLANG_CXX_LIBRARY = "libc++";
				CLANG_ENABLE_MODULES = YES;
				CLANG_ENABLE_OBJC_ARC = YES;
				CLANG_ENABLE_OBJC_WEAK = YES;
				CLANG_WARN_BLOCK_CAPTURE_AUTORELEASING = YES;
				CLANG_WARN_BOOL_CONVERSION = YES;
				CLANG_WARN_COMMA = YES;
				CLANG_WARN_CONSTANT_CONVERSION = YES;
				CLANG_WARN_DEPRECATED_OBJC_IMPLEMENTATIONS = YES;
				CLANG_WARN_DIRECT_OBJC_ISA_USAGE = YES_ERROR;
				CLANG_WARN_DOCUMENTATION_COMMENTS = YES;
				CLANG_WARN_EMPTY_BODY = YES;
				CLANG_WARN_ENUM_CONVERSION = YES;
				CLANG_WARN_INFINITE_RECURSION = YES;
				CLANG_WARN_INT_CONVERSION = YES;
				CLANG_WARN_NON_LITERAL_NULL_CONVERSION = YES;
				CLANG_WARN_OBJC_IMPLICIT_RETAIN_SELF = YES;
				CLANG_WARN_OBJC_LITERAL_CONVERSION = YES;
				CLANG_WARN_OBJC_ROOT_CLASS = YES_ERROR;
				CLANG_WARN_QUOTED_INCLUDE_IN_FRAMEWORK_HEADER = YES;
				CLANG_WARN_RANGE_LOOP_ANALYSIS = YES;
				CLANG_WARN_STRICT_PROTOTYPES = YES;
				CLANG_WARN_SUSPICIOUS_MOVE = YES;
				CLANG_WARN_UNGUARDED_AVAILABILITY = YES_AGGRESSIVE;
				CLANG_WARN_UNREACHABLE_CODE = YES;
				CLANG_WARN__DUPLICATE_METHOD_MATCH = YES;
				COPY_PHASE_STRIP = NO;
				DEBUG_INFORMATION_FORMAT = "dwarf-with-dsym";
				ENABLE_NS_ASSERTIONS = NO;
				ENABLE_STRICT_OBJC_MSGSEND = YES;
				GCC_C_LANGUAGE_STANDARD = gnu11;
				GCC_NO_COMMON_BLOCKS = YES;
				GCC_WARN_64_TO_32_BIT_CONVERSION = YES;
				GCC_WARN_ABOUT_RETURN_TYPE = YES_ERROR;
				GCC_WARN_UNDECLARED_SELECTOR = YES;
				GCC_WARN_UNINITIALIZED_AUTOS = YES_AGGRESSIVE;
				GCC_WARN_UNUSED_FUNCTION = YES;
				GCC_WARN_UNUSED_VARIABLE = YES;
				IPHONEOS_DEPLOYMENT_TARGET = 12.1;
				MTL_ENABLE_DEBUG_INFO = NO;
				MTL_FAST_MATH = YES;
				SDKROOT = iphoneos;
				SWIFT_COMPILATION_MODE = wholemodule;
				SWIFT_OPTIMIZATION_LEVEL = "-O";
				VALIDATE_PRODUCT = YES;
			};
			name = Release;
		};
		C11DA1B1265E7E9B006EA241 /* Debug */ = {
			isa = XCBuildConfiguration;
			baseConfigurationReference = 97C9C55A9F38F9FAA0528828 /* Pods-udc.debug.xcconfig */;
			buildSettings = {
				ASSETCATALOG_COMPILER_APPICON_NAME = AppIcon;
				ASSETCATALOG_COMPILER_GLOBAL_ACCENT_COLOR_NAME = AccentColor;
				CODE_SIGN_STYLE = Automatic;
				DEVELOPMENT_TEAM = NP3DCVXSX3;
				INFOPLIST_FILE = udc/Info.plist;
				IPHONEOS_DEPLOYMENT_TARGET = 12.1;
				LD_RUNPATH_SEARCH_PATHS = (
					"$(inherited)",
					"@executable_path/Frameworks",
				);
				PRODUCT_BUNDLE_IDENTIFIER = com.goddoro.udc;
				PRODUCT_NAME = "$(TARGET_NAME)";
				SWIFT_VERSION = 5.0;
				TARGETED_DEVICE_FAMILY = "1,2";
			};
			name = Debug;
		};
		C11DA1B2265E7E9B006EA241 /* Release */ = {
			isa = XCBuildConfiguration;
			baseConfigurationReference = 7427B9D64399747CE5FB44A0 /* Pods-udc.release.xcconfig */;
			buildSettings = {
				ASSETCATALOG_COMPILER_APPICON_NAME = AppIcon;
				ASSETCATALOG_COMPILER_GLOBAL_ACCENT_COLOR_NAME = AccentColor;
				CODE_SIGN_STYLE = Automatic;
				DEVELOPMENT_TEAM = NP3DCVXSX3;
				INFOPLIST_FILE = udc/Info.plist;
				IPHONEOS_DEPLOYMENT_TARGET = 12.1;
				LD_RUNPATH_SEARCH_PATHS = (
					"$(inherited)",
					"@executable_path/Frameworks",
				);
				PRODUCT_BUNDLE_IDENTIFIER = com.goddoro.udc;
				PRODUCT_NAME = "$(TARGET_NAME)";
				SWIFT_VERSION = 5.0;
				TARGETED_DEVICE_FAMILY = "1,2";
			};
			name = Release;
		};
		C11DA1B4265E7E9B006EA241 /* Debug */ = {
			isa = XCBuildConfiguration;
			buildSettings = {
				ALWAYS_EMBED_SWIFT_STANDARD_LIBRARIES = YES;
				BUNDLE_LOADER = "$(TEST_HOST)";
				CODE_SIGN_STYLE = Automatic;
				INFOPLIST_FILE = udcTests/Info.plist;
				IPHONEOS_DEPLOYMENT_TARGET = 14.5;
				LD_RUNPATH_SEARCH_PATHS = (
					"$(inherited)",
					"@executable_path/Frameworks",
					"@loader_path/Frameworks",
				);
				PRODUCT_BUNDLE_IDENTIFIER = com.goddoro.udcTests;
				PRODUCT_NAME = "$(TARGET_NAME)";
				SWIFT_VERSION = 5.0;
				TARGETED_DEVICE_FAMILY = "1,2";
				TEST_HOST = "$(BUILT_PRODUCTS_DIR)/udc.app/udc";
			};
			name = Debug;
		};
		C11DA1B5265E7E9B006EA241 /* Release */ = {
			isa = XCBuildConfiguration;
			buildSettings = {
				ALWAYS_EMBED_SWIFT_STANDARD_LIBRARIES = YES;
				BUNDLE_LOADER = "$(TEST_HOST)";
				CODE_SIGN_STYLE = Automatic;
				INFOPLIST_FILE = udcTests/Info.plist;
				IPHONEOS_DEPLOYMENT_TARGET = 14.5;
				LD_RUNPATH_SEARCH_PATHS = (
					"$(inherited)",
					"@executable_path/Frameworks",
					"@loader_path/Frameworks",
				);
				PRODUCT_BUNDLE_IDENTIFIER = com.goddoro.udcTests;
				PRODUCT_NAME = "$(TARGET_NAME)";
				SWIFT_VERSION = 5.0;
				TARGETED_DEVICE_FAMILY = "1,2";
				TEST_HOST = "$(BUILT_PRODUCTS_DIR)/udc.app/udc";
			};
			name = Release;
		};
		C11DA1B7265E7E9B006EA241 /* Debug */ = {
			isa = XCBuildConfiguration;
			buildSettings = {
				ALWAYS_EMBED_SWIFT_STANDARD_LIBRARIES = YES;
				CODE_SIGN_STYLE = Automatic;
				INFOPLIST_FILE = udcUITests/Info.plist;
				LD_RUNPATH_SEARCH_PATHS = (
					"$(inherited)",
					"@executable_path/Frameworks",
					"@loader_path/Frameworks",
				);
				PRODUCT_BUNDLE_IDENTIFIER = com.goddoro.udcUITests;
				PRODUCT_NAME = "$(TARGET_NAME)";
				SWIFT_VERSION = 5.0;
				TARGETED_DEVICE_FAMILY = "1,2";
				TEST_TARGET_NAME = udc;
			};
			name = Debug;
		};
		C11DA1B8265E7E9B006EA241 /* Release */ = {
			isa = XCBuildConfiguration;
			buildSettings = {
				ALWAYS_EMBED_SWIFT_STANDARD_LIBRARIES = YES;
				CODE_SIGN_STYLE = Automatic;
				INFOPLIST_FILE = udcUITests/Info.plist;
				LD_RUNPATH_SEARCH_PATHS = (
					"$(inherited)",
					"@executable_path/Frameworks",
					"@loader_path/Frameworks",
				);
				PRODUCT_BUNDLE_IDENTIFIER = com.goddoro.udcUITests;
				PRODUCT_NAME = "$(TARGET_NAME)";
				SWIFT_VERSION = 5.0;
				TARGETED_DEVICE_FAMILY = "1,2";
				TEST_TARGET_NAME = udc;
			};
			name = Release;
		};
/* End XCBuildConfiguration section */

/* Begin XCConfigurationList section */
		C11DA181265E7E99006EA241 /* Build configuration list for PBXProject "udc" */ = {
			isa = XCConfigurationList;
			buildConfigurations = (
				C11DA1AE265E7E9B006EA241 /* Debug */,
				C11DA1AF265E7E9B006EA241 /* Release */,
			);
			defaultConfigurationIsVisible = 0;
			defaultConfigurationName = Release;
		};
		C11DA1B0265E7E9B006EA241 /* Build configuration list for PBXNativeTarget "udc" */ = {
			isa = XCConfigurationList;
			buildConfigurations = (
				C11DA1B1265E7E9B006EA241 /* Debug */,
				C11DA1B2265E7E9B006EA241 /* Release */,
			);
			defaultConfigurationIsVisible = 0;
			defaultConfigurationName = Release;
		};
		C11DA1B3265E7E9B006EA241 /* Build configuration list for PBXNativeTarget "udcTests" */ = {
			isa = XCConfigurationList;
			buildConfigurations = (
				C11DA1B4265E7E9B006EA241 /* Debug */,
				C11DA1B5265E7E9B006EA241 /* Release */,
			);
			defaultConfigurationIsVisible = 0;
			defaultConfigurationName = Release;
		};
		C11DA1B6265E7E9B006EA241 /* Build configuration list for PBXNativeTarget "udcUITests" */ = {
			isa = XCConfigurationList;
			buildConfigurations = (
				C11DA1B7265E7E9B006EA241 /* Debug */,
				C11DA1B8265E7E9B006EA241 /* Release */,
			);
			defaultConfigurationIsVisible = 0;
			defaultConfigurationName = Release;
		};
/* End XCConfigurationList section */
	};
	rootObject = C11DA17E265E7E99006EA241 /* Project object */;
}
