// !$*UTF8*$!
{
	archiveVersion = 1;
	classes = {
	};
	objectVersion = 51;
	objects = {

/* Begin PBXBuildFile section */
		B5756CDA0F4257B02839E003 /* Pods_udc.framework in Frameworks */ = {isa = PBXBuildFile; fileRef = 71888A3A290E28E2B2AFB1EB /* Pods_udc.framework */; };
		C11DA18A265E7E99006EA241 /* AppDelegate.swift in Sources */ = {isa = PBXBuildFile; fileRef = C11DA189265E7E99006EA241 /* AppDelegate.swift */; };
		C11DA18C265E7E99006EA241 /* SceneDelegate.swift in Sources */ = {isa = PBXBuildFile; fileRef = C11DA18B265E7E99006EA241 /* SceneDelegate.swift */; };
		C11DA18E265E7E99006EA241 /* ViewController.swift in Sources */ = {isa = PBXBuildFile; fileRef = C11DA18D265E7E99006EA241 /* ViewController.swift */; };
		C11DA193265E7E9B006EA241 /* Assets.xcassets in Resources */ = {isa = PBXBuildFile; fileRef = C11DA192265E7E9B006EA241 /* Assets.xcassets */; };
		C11DA196265E7E9B006EA241 /* LaunchScreen.storyboard in Resources */ = {isa = PBXBuildFile; fileRef = C11DA194265E7E9B006EA241 /* LaunchScreen.storyboard */; };
		C11DA1A1265E7E9B006EA241 /* udcTests.swift in Sources */ = {isa = PBXBuildFile; fileRef = C11DA1A0265E7E9B006EA241 /* udcTests.swift */; };
		C11DA1AC265E7E9B006EA241 /* udcUITests.swift in Sources */ = {isa = PBXBuildFile; fileRef = C11DA1AB265E7E9B006EA241 /* udcUITests.swift */; };
		C11DA1BC265E8796006EA241 /* TabBarVC.swift in Sources */ = {isa = PBXBuildFile; fileRef = C11DA1BB265E8796006EA241 /* TabBarVC.swift */; };
		C11DA1C2265E8CC4006EA241 /* HomeVC.swift in Sources */ = {isa = PBXBuildFile; fileRef = C11DA1C1265E8CC4006EA241 /* HomeVC.swift */; };
		C11DA1C6265E8D5F006EA241 /* EXViewController.swift in Sources */ = {isa = PBXBuildFile; fileRef = C11DA1C5265E8D5F006EA241 /* EXViewController.swift */; };
		C11DA1C8265E8E29006EA241 /* UIImage.swift in Sources */ = {isa = PBXBuildFile; fileRef = C11DA1C7265E8E29006EA241 /* UIImage.swift */; };
		C11DA1CA265E8E6A006EA241 /* MapVC.swift in Sources */ = {isa = PBXBuildFile; fileRef = C11DA1C9265E8E6A006EA241 /* MapVC.swift */; };
		C11DA1CC265E8E71006EA241 /* ClassVC.swift in Sources */ = {isa = PBXBuildFile; fileRef = C11DA1CB265E8E71006EA241 /* ClassVC.swift */; };
		C11DA1CE265E8E7B006EA241 /* ProfileVC.swift in Sources */ = {isa = PBXBuildFile; fileRef = C11DA1CD265E8E7B006EA241 /* ProfileVC.swift */; };
		C11DA1D0265E8F96006EA241 /* SplashVC.swift in Sources */ = {isa = PBXBuildFile; fileRef = C11DA1CF265E8F96006EA241 /* SplashVC.swift */; };
		C11DA1D2265E8FD8006EA241 /* UIView.swift in Sources */ = {isa = PBXBuildFile; fileRef = C11DA1D1265E8FD8006EA241 /* UIView.swift */; };
		C11DA1D4265E907F006EA241 /* Extensions.swift in Sources */ = {isa = PBXBuildFile; fileRef = C11DA1D3265E907F006EA241 /* Extensions.swift */; };
		C11DA1DB265F1FF0006EA241 /* LogHelper.swift in Sources */ = {isa = PBXBuildFile; fileRef = C11DA1DA265F1FF0006EA241 /* LogHelper.swift */; };
/* End PBXBuildFile section */

/* Begin PBXContainerItemProxy section */
		C11DA19D265E7E9B006EA241 /* PBXContainerItemProxy */ = {
			isa = PBXContainerItemProxy;
			containerPortal = C11DA17E265E7E99006EA241 /* Project object */;
			proxyType = 1;
			remoteGlobalIDString = C11DA185265E7E99006EA241;
			remoteInfo = udc;
		};
		C11DA1A8265E7E9B006EA241 /* PBXContainerItemProxy */ = {
			isa = PBXContainerItemProxy;
			containerPortal = C11DA17E265E7E99006EA241 /* Project object */;
			proxyType = 1;
			remoteGlobalIDString = C11DA185265E7E99006EA241;
			remoteInfo = udc;
		};
/* End PBXContainerItemProxy section */

/* Begin PBXFileReference section */
		71888A3A290E28E2B2AFB1EB /* Pods_udc.framework */ = {isa = PBXFileReference; explicitFileType = wrapper.framework; includeInIndex = 0; path = Pods_udc.framework; sourceTree = BUILT_PRODUCTS_DIR; };
		7427B9D64399747CE5FB44A0 /* Pods-udc.release.xcconfig */ = {isa = PBXFileReference; includeInIndex = 1; lastKnownFileType = text.xcconfig; name = "Pods-udc.release.xcconfig"; path = "Target Support Files/Pods-udc/Pods-udc.release.xcconfig"; sourceTree = "<group>"; };
		97C9C55A9F38F9FAA0528828 /* Pods-udc.debug.xcconfig */ = {isa = PBXFileReference; includeInIndex = 1; lastKnownFileType = text.xcconfig; name = "Pods-udc.debug.xcconfig"; path = "Target Support Files/Pods-udc/Pods-udc.debug.xcconfig"; sourceTree = "<group>"; };
		C11DA186265E7E99006EA241 /* udc.app */ = {isa = PBXFileReference; explicitFileType = wrapper.application; includeInIndex = 0; path = udc.app; sourceTree = BUILT_PRODUCTS_DIR; };
		C11DA189265E7E99006EA241 /* AppDelegate.swift */ = {isa = PBXFileReference; lastKnownFileType = sourcecode.swift; path = AppDelegate.swift; sourceTree = "<group>"; };
		C11DA18B265E7E99006EA241 /* SceneDelegate.swift */ = {isa = PBXFileReference; lastKnownFileType = sourcecode.swift; path = SceneDelegate.swift; sourceTree = "<group>"; };
		C11DA18D265E7E99006EA241 /* ViewController.swift */ = {isa = PBXFileReference; lastKnownFileType = sourcecode.swift; path = ViewController.swift; sourceTree = "<group>"; };
		C11DA192265E7E9B006EA241 /* Assets.xcassets */ = {isa = PBXFileReference; lastKnownFileType = folder.assetcatalog; path = Assets.xcassets; sourceTree = "<group>"; };
		C11DA195265E7E9B006EA241 /* Base */ = {isa = PBXFileReference; lastKnownFileType = file.storyboard; name = Base; path = Base.lproj/LaunchScreen.storyboard; sourceTree = "<group>"; };
		C11DA197265E7E9B006EA241 /* Info.plist */ = {isa = PBXFileReference; lastKnownFileType = text.plist.xml; path = Info.plist; sourceTree = "<group>"; };
		C11DA19C265E7E9B006EA241 /* udcTests.xctest */ = {isa = PBXFileReference; explicitFileType = wrapper.cfbundle; includeInIndex = 0; path = udcTests.xctest; sourceTree = BUILT_PRODUCTS_DIR; };
		C11DA1A0265E7E9B006EA241 /* udcTests.swift */ = {isa = PBXFileReference; lastKnownFileType = sourcecode.swift; path = udcTests.swift; sourceTree = "<group>"; };
		C11DA1A2265E7E9B006EA241 /* Info.plist */ = {isa = PBXFileReference; lastKnownFileType = text.plist.xml; path = Info.plist; sourceTree = "<group>"; };
		C11DA1A7265E7E9B006EA241 /* udcUITests.xctest */ = {isa = PBXFileReference; explicitFileType = wrapper.cfbundle; includeInIndex = 0; path = udcUITests.xctest; sourceTree = BUILT_PRODUCTS_DIR; };
		C11DA1AB265E7E9B006EA241 /* udcUITests.swift */ = {isa = PBXFileReference; lastKnownFileType = sourcecode.swift; path = udcUITests.swift; sourceTree = "<group>"; };
		C11DA1AD265E7E9B006EA241 /* Info.plist */ = {isa = PBXFileReference; lastKnownFileType = text.plist.xml; path = Info.plist; sourceTree = "<group>"; };
		C11DA1BB265E8796006EA241 /* TabBarVC.swift */ = {isa = PBXFileReference; lastKnownFileType = sourcecode.swift; path = TabBarVC.swift; sourceTree = "<group>"; };
		C11DA1C1265E8CC4006EA241 /* HomeVC.swift */ = {isa = PBXFileReference; lastKnownFileType = sourcecode.swift; path = HomeVC.swift; sourceTree = "<group>"; };
		C11DA1C5265E8D5F006EA241 /* EXViewController.swift */ = {isa = PBXFileReference; lastKnownFileType = sourcecode.swift; path = EXViewController.swift; sourceTree = "<group>"; };
		C11DA1C7265E8E29006EA241 /* UIImage.swift */ = {isa = PBXFileReference; lastKnownFileType = sourcecode.swift; path = UIImage.swift; sourceTree = "<group>"; };
		C11DA1C9265E8E6A006EA241 /* MapVC.swift */ = {isa = PBXFileReference; lastKnownFileType = sourcecode.swift; path = MapVC.swift; sourceTree = "<group>"; };
		C11DA1CB265E8E71006EA241 /* ClassVC.swift */ = {isa = PBXFileReference; lastKnownFileType = sourcecode.swift; path = ClassVC.swift; sourceTree = "<group>"; };
		C11DA1CD265E8E7B006EA241 /* ProfileVC.swift */ = {isa = PBXFileReference; lastKnownFileType = sourcecode.swift; path = ProfileVC.swift; sourceTree = "<group>"; };
		C11DA1CF265E8F96006EA241 /* SplashVC.swift */ = {isa = PBXFileReference; lastKnownFileType = sourcecode.swift; path = SplashVC.swift; sourceTree = "<group>"; };
		C11DA1D1265E8FD8006EA241 /* UIView.swift */ = {isa = PBXFileReference; lastKnownFileType = sourcecode.swift; path = UIView.swift; sourceTree = "<group>"; };
		C11DA1D3265E907F006EA241 /* Extensions.swift */ = {isa = PBXFileReference; lastKnownFileType = sourcecode.swift; path = Extensions.swift; sourceTree = "<group>"; };
		C11DA1DA265F1FF0006EA241 /* LogHelper.swift */ = {isa = PBXFileReference; lastKnownFileType = sourcecode.swift; path = LogHelper.swift; sourceTree = "<group>"; };
/* End PBXFileReference section */

/* Begin PBXFrameworksBuildPhase section */
		C11DA183265E7E99006EA241 /* Frameworks */ = {
			isa = PBXFrameworksBuildPhase;
			buildActionMask = 2147483647;
			files = (
				B5756CDA0F4257B02839E003 /* Pods_udc.framework in Frameworks */,
			);
			runOnlyForDeploymentPostprocessing = 0;
		};
		C11DA199265E7E9B006EA241 /* Frameworks */ = {
			isa = PBXFrameworksBuildPhase;
			buildActionMask = 2147483647;
			files = (
			);
			runOnlyForDeploymentPostprocessing = 0;
		};
		C11DA1A4265E7E9B006EA241 /* Frameworks */ = {
			isa = PBXFrameworksBuildPhase;
			buildActionMask = 2147483647;
			files = (
			);
			runOnlyForDeploymentPostprocessing = 0;
		};
/* End PBXFrameworksBuildPhase section */

/* Begin PBXGroup section */
		C11DA17D265E7E99006EA241 = {
			isa = PBXGroup;
			children = (
				C11DA188265E7E99006EA241 /* udc */,
				C11DA19F265E7E9B006EA241 /* udcTests */,
				C11DA1AA265E7E9B006EA241 /* udcUITests */,
				C11DA187265E7E99006EA241 /* Products */,
				CA729A1C3794159E14F8E55F /* Pods */,
				F47012CDBAC7BD4F3A1DCE53 /* Frameworks */,
			);
			sourceTree = "<group>";
		};
		C11DA187265E7E99006EA241 /* Products */ = {
			isa = PBXGroup;
			children = (
				C11DA186265E7E99006EA241 /* udc.app */,
				C11DA19C265E7E9B006EA241 /* udcTests.xctest */,
				C11DA1A7265E7E9B006EA241 /* udcUITests.xctest */,
			);
			name = Products;
			sourceTree = "<group>";
		};
		C11DA188265E7E99006EA241 /* udc */ = {
			isa = PBXGroup;
			children = (
				C11DA1D6265E9110006EA241 /* Resources */,
				C11DA1C3265E8D43006EA241 /* Common */,
				C11DA1BA265E8778006EA241 /* ViewControllers */,
				C11DA1B9265E7F3F006EA241 /* Application */,
				C11DA18B265E7E99006EA241 /* SceneDelegate.swift */,
				C11DA18D265E7E99006EA241 /* ViewController.swift */,
				C11DA197265E7E9B006EA241 /* Info.plist */,
			);
			path = udc;
			sourceTree = "<group>";
		};
		C11DA19F265E7E9B006EA241 /* udcTests */ = {
			isa = PBXGroup;
			children = (
				C11DA1A0265E7E9B006EA241 /* udcTests.swift */,
				C11DA1A2265E7E9B006EA241 /* Info.plist */,
			);
			path = udcTests;
			sourceTree = "<group>";
		};
		C11DA1AA265E7E9B006EA241 /* udcUITests */ = {
			isa = PBXGroup;
			children = (
				C11DA1AB265E7E9B006EA241 /* udcUITests.swift */,
				C11DA1AD265E7E9B006EA241 /* Info.plist */,
			);
			path = udcUITests;
			sourceTree = "<group>";
		};
		C11DA1B9265E7F3F006EA241 /* Application */ = {
			isa = PBXGroup;
			children = (
				C11DA189265E7E99006EA241 /* AppDelegate.swift */,
			);
			path = Application;
			sourceTree = "<group>";
		};
		C11DA1BA265E8778006EA241 /* ViewControllers */ = {
			isa = PBXGroup;
			children = (
				C11DA1D5265E90B1006EA241 /* Splash */,
				C11DA1C0265E88F7006EA241 /* Profile */,
				C11DA1BF265E88EE006EA241 /* Class */,
				C11DA1BE265E88E8006EA241 /* Map */,
				C11DA1BD265E87D4006EA241 /* Home */,
				C11DA1BB265E8796006EA241 /* TabBarVC.swift */,
			);
			path = ViewControllers;
			sourceTree = "<group>";
		};
		C11DA1BD265E87D4006EA241 /* Home */ = {
			isa = PBXGroup;
			children = (
				C11DA1C1265E8CC4006EA241 /* HomeVC.swift */,
			);
			path = Home;
			sourceTree = "<group>";
		};
		C11DA1BE265E88E8006EA241 /* Map */ = {
			isa = PBXGroup;
			children = (
				C11DA1C9265E8E6A006EA241 /* MapVC.swift */,
			);
			path = Map;
			sourceTree = "<group>";
		};
		C11DA1BF265E88EE006EA241 /* Class */ = {
			isa = PBXGroup;
			children = (
				C11DA1CB265E8E71006EA241 /* ClassVC.swift */,
			);
			path = Class;
			sourceTree = "<group>";
		};
		C11DA1C0265E88F7006EA241 /* Profile */ = {
			isa = PBXGroup;
			children = (
				C11DA1CD265E8E7B006EA241 /* ProfileVC.swift */,
			);
			path = Profile;
			sourceTree = "<group>";
		};
		C11DA1C3265E8D43006EA241 /* Common */ = {
			isa = PBXGroup;
			children = (
				C11DA1D9265F1FE5006EA241 /* Helper */,
				C11DA1C4265E8D4A006EA241 /* EXKit */,
			);
			path = Common;
			sourceTree = "<group>";
		};
		C11DA1C4265E8D4A006EA241 /* EXKit */ = {
			isa = PBXGroup;
			children = (
				C11DA1C5265E8D5F006EA241 /* EXViewController.swift */,
				C11DA1C7265E8E29006EA241 /* UIImage.swift */,
				C11DA1D1265E8FD8006EA241 /* UIView.swift */,
				C11DA1D3265E907F006EA241 /* Extensions.swift */,
			);
			path = EXKit;
			sourceTree = "<group>";
		};
		C11DA1D5265E90B1006EA241 /* Splash */ = {
			isa = PBXGroup;
			children = (
				C11DA194265E7E9B006EA241 /* LaunchScreen.storyboard */,
				C11DA1CF265E8F96006EA241 /* SplashVC.swift */,
			);
			path = Splash;
			sourceTree = "<group>";
		};
		C11DA1D6265E9110006EA241 /* Resources */ = {
			isa = PBXGroup;
			children = (
				C11DA192265E7E9B006EA241 /* Assets.xcassets */,
			);
			path = Resources;
			sourceTree = "<group>";
		};
		C11DA1D9265F1FE5006EA241 /* Helper */ = {
			isa = PBXGroup;
			children = (
				C11DA1DA265F1FF0006EA241 /* LogHelper.swift */,
			);
			path = Helper;
			sourceTree = "<group>";
		};
		CA729A1C3794159E14F8E55F /* Pods */ = {
			isa = PBXGroup;
			children = (
				97C9C55A9F38F9FAA0528828 /* Pods-udc.debug.xcconfig */,
				7427B9D64399747CE5FB44A0 /* Pods-udc.release.xcconfig */,
			);
			path = Pods;
			sourceTree = "<group>";
		};
		F47012CDBAC7BD4F3A1DCE53 /* Frameworks */ = {
			isa = PBXGroup;
			children = (
				71888A3A290E28E2B2AFB1EB /* Pods_udc.framework */,
			);
			name = Frameworks;
			sourceTree = "<group>";
		};
/* End PBXGroup section */

/* Begin PBXNativeTarget section */
		C11DA185265E7E99006EA241 /* udc */ = {
			isa = PBXNativeTarget;
			buildConfigurationList = C11DA1B0265E7E9B006EA241 /* Build configuration list for PBXNativeTarget "udc" */;
			buildPhases = (
				5C9E8EBFD7BE1C57AF882C7C /* [CP] Check Pods Manifest.lock */,
				C11DA182265E7E99006EA241 /* Sources */,
				C11DA183265E7E99006EA241 /* Frameworks */,
				C11DA184265E7E99006EA241 /* Resources */,
				769E573D82533F36EAD44AA7 /* [CP] Embed Pods Frameworks */,
			);
			buildRules = (
			);
			dependencies = (
			);
			name = udc;
			productName = udc;
			productReference = C11DA186265E7E99006EA241 /* udc.app */;
			productType = "com.apple.product-type.application";
		};
		C11DA19B265E7E9B006EA241 /* udcTests */ = {
			isa = PBXNativeTarget;
			buildConfigurationList = C11DA1B3265E7E9B006EA241 /* Build configuration list for PBXNativeTarget "udcTests" */;
			buildPhases = (
				C11DA198265E7E9B006EA241 /* Sources */,
				C11DA199265E7E9B006EA241 /* Frameworks */,
				C11DA19A265E7E9B006EA241 /* Resources */,
			);
			buildRules = (
			);
			dependencies = (
				C11DA19E265E7E9B006EA241 /* PBXTargetDependency */,
			);
			name = udcTests;
			productName = udcTests;
			productReference = C11DA19C265E7E9B006EA241 /* udcTests.xctest */;
			productType = "com.apple.product-type.bundle.unit-test";
		};
		C11DA1A6265E7E9B006EA241 /* udcUITests */ = {
			isa = PBXNativeTarget;
			buildConfigurationList = C11DA1B6265E7E9B006EA241 /* Build configuration list for PBXNativeTarget "udcUITests" */;
			buildPhases = (
				C11DA1A3265E7E9B006EA241 /* Sources */,
				C11DA1A4265E7E9B006EA241 /* Frameworks */,
				C11DA1A5265E7E9B006EA241 /* Resources */,
			);
			buildRules = (
			);
			dependencies = (
				C11DA1A9265E7E9B006EA241 /* PBXTargetDependency */,
			);
			name = udcUITests;
			productName = udcUITests;
			productReference = C11DA1A7265E7E9B006EA241 /* udcUITests.xctest */;
			productType = "com.apple.product-type.bundle.ui-testing";
		};
/* End PBXNativeTarget section */

/* Begin PBXProject section */
		C11DA17E265E7E99006EA241 /* Project object */ = {
			isa = PBXProject;
			attributes = {
				LastSwiftUpdateCheck = 1250;
				LastUpgradeCheck = 1250;
				TargetAttributes = {
					C11DA185265E7E99006EA241 = {
						CreatedOnToolsVersion = 12.5;
					};
					C11DA19B265E7E9B006EA241 = {
						CreatedOnToolsVersion = 12.5;
						TestTargetID = C11DA185265E7E99006EA241;
					};
					C11DA1A6265E7E9B006EA241 = {
						CreatedOnToolsVersion = 12.5;
						TestTargetID = C11DA185265E7E99006EA241;
					};
				};
			};
			buildConfigurationList = C11DA181265E7E99006EA241 /* Build configuration list for PBXProject "udc" */;
			compatibilityVersion = "Xcode 9.3";
			developmentRegion = en;
			hasScannedForEncodings = 0;
			knownRegions = (
				en,
				Base,
			);
			mainGroup = C11DA17D265E7E99006EA241;
			productRefGroup = C11DA187265E7E99006EA241 /* Products */;
			projectDirPath = "";
			projectRoot = "";
			targets = (
				C11DA185265E7E99006EA241 /* udc */,
				C11DA19B265E7E9B006EA241 /* udcTests */,
				C11DA1A6265E7E9B006EA241 /* udcUITests */,
			);
		};
/* End PBXProject section */

/* Begin PBXResourcesBuildPhase section */
		C11DA184265E7E99006EA241 /* Resources */ = {
			isa = PBXResourcesBuildPhase;
			buildActionMask = 2147483647;
			files = (
				C11DA196265E7E9B006EA241 /* LaunchScreen.storyboard in Resources */,
				C11DA193265E7E9B006EA241 /* Assets.xcassets in Resources */,
			);
			runOnlyForDeploymentPostprocessing = 0;
		};
		C11DA19A265E7E9B006EA241 /* Resources */ = {
			isa = PBXResourcesBuildPhase;
			buildActionMask = 2147483647;
			files = (
			);
			runOnlyForDeploymentPostprocessing = 0;
		};
		C11DA1A5265E7E9B006EA241 /* Resources */ = {
			isa = PBXResourcesBuildPhase;
			buildActionMask = 2147483647;
			files = (
			);
			runOnlyForDeploymentPostprocessing = 0;
		};
/* End PBXResourcesBuildPhase section */

/* Begin PBXShellScriptBuildPhase section */
		5C9E8EBFD7BE1C57AF882C7C /* [CP] Check Pods Manifest.lock */ = {
			isa = PBXShellScriptBuildPhase;
			buildActionMask = 2147483647;
			files = (
			);
			inputFileListPaths = (
			);
			inputPaths = (
				"${PODS_PODFILE_DIR_PATH}/Podfile.lock",
				"${PODS_ROOT}/Manifest.lock",
			);
			name = "[CP] Check Pods Manifest.lock";
			outputFileListPaths = (
			);
			outputPaths = (
				"$(DERIVED_FILE_DIR)/Pods-udc-checkManifestLockResult.txt",
			);
			runOnlyForDeploymentPostprocessing = 0;
			shellPath = /bin/sh;
			shellScript = "diff \"${PODS_PODFILE_DIR_PATH}/Podfile.lock\" \"${PODS_ROOT}/Manifest.lock\" > /dev/null\nif [ $? != 0 ] ; then\n    # print error to STDERR\n    echo \"error: The sandbox is not in sync with the Podfile.lock. Run 'pod install' or update your CocoaPods installation.\" >&2\n    exit 1\nfi\n# This output is used by Xcode 'outputs' to avoid re-running this script phase.\necho \"SUCCESS\" > \"${SCRIPT_OUTPUT_FILE_0}\"\n";
			showEnvVarsInLog = 0;
		};
		769E573D82533F36EAD44AA7 /* [CP] Embed Pods Frameworks */ = {
			isa = PBXShellScriptBuildPhase;
			buildActionMask = 2147483647;
			files = (
			);
			inputFileListPaths = (
				"${PODS_ROOT}/Target Support Files/Pods-udc/Pods-udc-frameworks-${CONFIGURATION}-input-files.xcfilelist",
			);
			name = "[CP] Embed Pods Frameworks";
			outputFileListPaths = (
				"${PODS_ROOT}/Target Support Files/Pods-udc/Pods-udc-frameworks-${CONFIGURATION}-output-files.xcfilelist",
			);
			runOnlyForDeploymentPostprocessing = 0;
			shellPath = /bin/sh;
			shellScript = "\"${PODS_ROOT}/Target Support Files/Pods-udc/Pods-udc-frameworks.sh\"\n";
			showEnvVarsInLog = 0;
		};
/* End PBXShellScriptBuildPhase section */

/* Begin PBXSourcesBuildPhase section */
		C11DA182265E7E99006EA241 /* Sources */ = {
			isa = PBXSourcesBuildPhase;
			buildActionMask = 2147483647;
			files = (
				C11DA1CE265E8E7B006EA241 /* ProfileVC.swift in Sources */,
				C11DA1D0265E8F96006EA241 /* SplashVC.swift in Sources */,
				C11DA18E265E7E99006EA241 /* ViewController.swift in Sources */,
				C11DA1CC265E8E71006EA241 /* ClassVC.swift in Sources */,
				C11DA1D2265E8FD8006EA241 /* UIView.swift in Sources */,
				C11DA1C2265E8CC4006EA241 /* HomeVC.swift in Sources */,
				C11DA18A265E7E99006EA241 /* AppDelegate.swift in Sources */,
				C11DA1C6265E8D5F006EA241 /* EXViewController.swift in Sources */,
				C11DA1D4265E907F006EA241 /* Extensions.swift in Sources */,
				C11DA1BC265E8796006EA241 /* TabBarVC.swift in Sources */,
				C11DA1DB265F1FF0006EA241 /* LogHelper.swift in Sources */,
				C11DA1CA265E8E6A006EA241 /* MapVC.swift in Sources */,
				C11DA18C265E7E99006EA241 /* SceneDelegate.swift in Sources */,
				C11DA1C8265E8E29006EA241 /* UIImage.swift in Sources */,
			);
			runOnlyForDeploymentPostprocessing = 0;
		};
		C11DA198265E7E9B006EA241 /* Sources */ = {
			isa = PBXSourcesBuildPhase;
			buildActionMask = 2147483647;
			files = (
				C11DA1A1265E7E9B006EA241 /* udcTests.swift in Sources */,
			);
			runOnlyForDeploymentPostprocessing = 0;
		};
		C11DA1A3265E7E9B006EA241 /* Sources */ = {
			isa = PBXSourcesBuildPhase;
			buildActionMask = 2147483647;
			files = (
				C11DA1AC265E7E9B006EA241 /* udcUITests.swift in Sources */,
			);
			runOnlyForDeploymentPostprocessing = 0;
		};
/* End PBXSourcesBuildPhase section */

/* Begin PBXTargetDependency section */
		C11DA19E265E7E9B006EA241 /* PBXTargetDependency */ = {
			isa = PBXTargetDependency;
			target = C11DA185265E7E99006EA241 /* udc */;
			targetProxy = C11DA19D265E7E9B006EA241 /* PBXContainerItemProxy */;
		};
		C11DA1A9265E7E9B006EA241 /* PBXTargetDependency */ = {
			isa = PBXTargetDependency;
			target = C11DA185265E7E99006EA241 /* udc */;
			targetProxy = C11DA1A8265E7E9B006EA241 /* PBXContainerItemProxy */;
		};
/* End PBXTargetDependency section */

/* Begin PBXVariantGroup section */
		C11DA194265E7E9B006EA241 /* LaunchScreen.storyboard */ = {
			isa = PBXVariantGroup;
			children = (
				C11DA195265E7E9B006EA241 /* Base */,
			);
			name = LaunchScreen.storyboard;
			sourceTree = "<group>";
		};
/* End PBXVariantGroup section */

/* Begin XCBuildConfiguration section */
		C11DA1AE265E7E9B006EA241 /* Debug */ = {
			isa = XCBuildConfiguration;
			buildSettings = {
				ALWAYS_SEARCH_USER_PATHS = NO;
				CLANG_ANALYZER_NONNULL = YES;
				CLANG_ANALYZER_NUMBER_OBJECT_CONVERSION = YES_AGGRESSIVE;
				CLANG_CXX_LANGUAGE_STANDARD = "gnu++14";
				CLANG_CXX_LIBRARY = "libc++";
				CLANG_ENABLE_MODULES = YES;
				CLANG_ENABLE_OBJC_ARC = YES;
				CLANG_ENABLE_OBJC_WEAK = YES;
				CLANG_WARN_BLOCK_CAPTURE_AUTORELEASING = YES;
				CLANG_WARN_BOOL_CONVERSION = YES;
				CLANG_WARN_COMMA = YES;
				CLANG_WARN_CONSTANT_CONVERSION = YES;
				CLANG_WARN_DEPRECATED_OBJC_IMPLEMENTATIONS = YES;
				CLANG_WARN_DIRECT_OBJC_ISA_USAGE = YES_ERROR;
				CLANG_WARN_DOCUMENTATION_COMMENTS = YES;
				CLANG_WARN_EMPTY_BODY = YES;
				CLANG_WARN_ENUM_CONVERSION = YES;
				CLANG_WARN_INFINITE_RECURSION = YES;
				CLANG_WARN_INT_CONVERSION = YES;
				CLANG_WARN_NON_LITERAL_NULL_CONVERSION = YES;
				CLANG_WARN_OBJC_IMPLICIT_RETAIN_SELF = YES;
				CLANG_WARN_OBJC_LITERAL_CONVERSION = YES;
				CLANG_WARN_OBJC_ROOT_CLASS = YES_ERROR;
				CLANG_WARN_QUOTED_INCLUDE_IN_FRAMEWORK_HEADER = YES;
				CLANG_WARN_RANGE_LOOP_ANALYSIS = YES;
				CLANG_WARN_STRICT_PROTOTYPES = YES;
				CLANG_WARN_SUSPICIOUS_MOVE = YES;
				CLANG_WARN_UNGUARDED_AVAILABILITY = YES_AGGRESSIVE;
				CLANG_WARN_UNREACHABLE_CODE = YES;
				CLANG_WARN__DUPLICATE_METHOD_MATCH = YES;
				COPY_PHASE_STRIP = NO;
				DEBUG_INFORMATION_FORMAT = dwarf;
				ENABLE_STRICT_OBJC_MSGSEND = YES;
				ENABLE_TESTABILITY = YES;
				GCC_C_LANGUAGE_STANDARD = gnu11;
				GCC_DYNAMIC_NO_PIC = NO;
				GCC_NO_COMMON_BLOCKS = YES;
				GCC_OPTIMIZATION_LEVEL = 0;
				GCC_PREPROCESSOR_DEFINITIONS = (
					"DEBUG=1",
					"$(inherited)",
				);
				GCC_WARN_64_TO_32_BIT_CONVERSION = YES;
				GCC_WARN_ABOUT_RETURN_TYPE = YES_ERROR;
				GCC_WARN_UNDECLARED_SELECTOR = YES;
				GCC_WARN_UNINITIALIZED_AUTOS = YES_AGGRESSIVE;
				GCC_WARN_UNUSED_FUNCTION = YES;
				GCC_WARN_UNUSED_VARIABLE = YES;
				IPHONEOS_DEPLOYMENT_TARGET = 12.1;
				MTL_ENABLE_DEBUG_INFO = INCLUDE_SOURCE;
				MTL_FAST_MATH = YES;
				ONLY_ACTIVE_ARCH = YES;
				SDKROOT = iphoneos;
				SWIFT_ACTIVE_COMPILATION_CONDITIONS = DEBUG;
				SWIFT_OPTIMIZATION_LEVEL = "-Onone";
			};
			name = Debug;
		};
		C11DA1AF265E7E9B006EA241 /* Release */ = {
			isa = XCBuildConfiguration;
			buildSettings = {
				ALWAYS_SEARCH_USER_PATHS = NO;
				CLANG_ANALYZER_NONNULL = YES;
				CLANG_ANALYZER_NUMBER_OBJECT_CONVERSION = YES_AGGRESSIVE;
				CLANG_CXX_LANGUAGE_STANDARD = "gnu++14";
				CLANG_CXX_LIBRARY = "libc++";
				CLANG_ENABLE_MODULES = YES;
				CLANG_ENABLE_OBJC_ARC = YES;
				CLANG_ENABLE_OBJC_WEAK = YES;
				CLANG_WARN_BLOCK_CAPTURE_AUTORELEASING = YES;
				CLANG_WARN_BOOL_CONVERSION = YES;
				CLANG_WARN_COMMA = YES;
				CLANG_WARN_CONSTANT_CONVERSION = YES;
				CLANG_WARN_DEPRECATED_OBJC_IMPLEMENTATIONS = YES;
				CLANG_WARN_DIRECT_OBJC_ISA_USAGE = YES_ERROR;
				CLANG_WARN_DOCUMENTATION_COMMENTS = YES;
				CLANG_WARN_EMPTY_BODY = YES;
				CLANG_WARN_ENUM_CONVERSION = YES;
				CLANG_WARN_INFINITE_RECURSION = YES;
				CLANG_WARN_INT_CONVERSION = YES;
				CLANG_WARN_NON_LITERAL_NULL_CONVERSION = YES;
				CLANG_WARN_OBJC_IMPLICIT_RETAIN_SELF = YES;
				CLANG_WARN_OBJC_LITERAL_CONVERSION = YES;
				CLANG_WARN_OBJC_ROOT_CLASS = YES_ERROR;
				CLANG_WARN_QUOTED_INCLUDE_IN_FRAMEWORK_HEADER = YES;
				CLANG_WARN_RANGE_LOOP_ANALYSIS = YES;
				CLANG_WARN_STRICT_PROTOTYPES = YES;
				CLANG_WARN_SUSPICIOUS_MOVE = YES;
				CLANG_WARN_UNGUARDED_AVAILABILITY = YES_AGGRESSIVE;
				CLANG_WARN_UNREACHABLE_CODE = YES;
				CLANG_WARN__DUPLICATE_METHOD_MATCH = YES;
				COPY_PHASE_STRIP = NO;
				DEBUG_INFORMATION_FORMAT = "dwarf-with-dsym";
				ENABLE_NS_ASSERTIONS = NO;
				ENABLE_STRICT_OBJC_MSGSEND = YES;
				GCC_C_LANGUAGE_STANDARD = gnu11;
				GCC_NO_COMMON_BLOCKS = YES;
				GCC_WARN_64_TO_32_BIT_CONVERSION = YES;
				GCC_WARN_ABOUT_RETURN_TYPE = YES_ERROR;
				GCC_WARN_UNDECLARED_SELECTOR = YES;
				GCC_WARN_UNINITIALIZED_AUTOS = YES_AGGRESSIVE;
				GCC_WARN_UNUSED_FUNCTION = YES;
				GCC_WARN_UNUSED_VARIABLE = YES;
				IPHONEOS_DEPLOYMENT_TARGET = 12.1;
				MTL_ENABLE_DEBUG_INFO = NO;
				MTL_FAST_MATH = YES;
				SDKROOT = iphoneos;
				SWIFT_COMPILATION_MODE = wholemodule;
				SWIFT_OPTIMIZATION_LEVEL = "-O";
				VALIDATE_PRODUCT = YES;
			};
			name = Release;
		};
		C11DA1B1265E7E9B006EA241 /* Debug */ = {
			isa = XCBuildConfiguration;
			baseConfigurationReference = 97C9C55A9F38F9FAA0528828 /* Pods-udc.debug.xcconfig */;
			buildSettings = {
				ASSETCATALOG_COMPILER_APPICON_NAME = AppIcon;
				ASSETCATALOG_COMPILER_GLOBAL_ACCENT_COLOR_NAME = AccentColor;
				CODE_SIGN_STYLE = Automatic;
				DEVELOPMENT_TEAM = NP3DCVXSX3;
				INFOPLIST_FILE = udc/Info.plist;
				IPHONEOS_DEPLOYMENT_TARGET = 12.1;
				LD_RUNPATH_SEARCH_PATHS = (
					"$(inherited)",
					"@executable_path/Frameworks",
				);
				PRODUCT_BUNDLE_IDENTIFIER = com.goddoro.udc;
				PRODUCT_NAME = "$(TARGET_NAME)";
				SWIFT_VERSION = 5.0;
				TARGETED_DEVICE_FAMILY = "1,2";
			};
			name = Debug;
		};
		C11DA1B2265E7E9B006EA241 /* Release */ = {
			isa = XCBuildConfiguration;
			baseConfigurationReference = 7427B9D64399747CE5FB44A0 /* Pods-udc.release.xcconfig */;
			buildSettings = {
				ASSETCATALOG_COMPILER_APPICON_NAME = AppIcon;
				ASSETCATALOG_COMPILER_GLOBAL_ACCENT_COLOR_NAME = AccentColor;
				CODE_SIGN_STYLE = Automatic;
				DEVELOPMENT_TEAM = NP3DCVXSX3;
				INFOPLIST_FILE = udc/Info.plist;
				IPHONEOS_DEPLOYMENT_TARGET = 12.1;
				LD_RUNPATH_SEARCH_PATHS = (
					"$(inherited)",
					"@executable_path/Frameworks",
				);
				PRODUCT_BUNDLE_IDENTIFIER = com.goddoro.udc;
				PRODUCT_NAME = "$(TARGET_NAME)";
				SWIFT_VERSION = 5.0;
				TARGETED_DEVICE_FAMILY = "1,2";
			};
			name = Release;
		};
		C11DA1B4265E7E9B006EA241 /* Debug */ = {
			isa = XCBuildConfiguration;
			buildSettings = {
				ALWAYS_EMBED_SWIFT_STANDARD_LIBRARIES = YES;
				BUNDLE_LOADER = "$(TEST_HOST)";
				CODE_SIGN_STYLE = Automatic;
				INFOPLIST_FILE = udcTests/Info.plist;
				IPHONEOS_DEPLOYMENT_TARGET = 14.5;
				LD_RUNPATH_SEARCH_PATHS = (
					"$(inherited)",
					"@executable_path/Frameworks",
					"@loader_path/Frameworks",
				);
				PRODUCT_BUNDLE_IDENTIFIER = com.goddoro.udcTests;
				PRODUCT_NAME = "$(TARGET_NAME)";
				SWIFT_VERSION = 5.0;
				TARGETED_DEVICE_FAMILY = "1,2";
				TEST_HOST = "$(BUILT_PRODUCTS_DIR)/udc.app/udc";
			};
			name = Debug;
		};
		C11DA1B5265E7E9B006EA241 /* Release */ = {
			isa = XCBuildConfiguration;
			buildSettings = {
				ALWAYS_EMBED_SWIFT_STANDARD_LIBRARIES = YES;
				BUNDLE_LOADER = "$(TEST_HOST)";
				CODE_SIGN_STYLE = Automatic;
				INFOPLIST_FILE = udcTests/Info.plist;
				IPHONEOS_DEPLOYMENT_TARGET = 14.5;
				LD_RUNPATH_SEARCH_PATHS = (
					"$(inherited)",
					"@executable_path/Frameworks",
					"@loader_path/Frameworks",
				);
				PRODUCT_BUNDLE_IDENTIFIER = com.goddoro.udcTests;
				PRODUCT_NAME = "$(TARGET_NAME)";
				SWIFT_VERSION = 5.0;
				TARGETED_DEVICE_FAMILY = "1,2";
				TEST_HOST = "$(BUILT_PRODUCTS_DIR)/udc.app/udc";
			};
			name = Release;
		};
		C11DA1B7265E7E9B006EA241 /* Debug */ = {
			isa = XCBuildConfiguration;
			buildSettings = {
				ALWAYS_EMBED_SWIFT_STANDARD_LIBRARIES = YES;
				CODE_SIGN_STYLE = Automatic;
				INFOPLIST_FILE = udcUITests/Info.plist;
				LD_RUNPATH_SEARCH_PATHS = (
					"$(inherited)",
					"@executable_path/Frameworks",
					"@loader_path/Frameworks",
				);
				PRODUCT_BUNDLE_IDENTIFIER = com.goddoro.udcUITests;
				PRODUCT_NAME = "$(TARGET_NAME)";
				SWIFT_VERSION = 5.0;
				TARGETED_DEVICE_FAMILY = "1,2";
				TEST_TARGET_NAME = udc;
			};
			name = Debug;
		};
		C11DA1B8265E7E9B006EA241 /* Release */ = {
			isa = XCBuildConfiguration;
			buildSettings = {
				ALWAYS_EMBED_SWIFT_STANDARD_LIBRARIES = YES;
				CODE_SIGN_STYLE = Automatic;
				INFOPLIST_FILE = udcUITests/Info.plist;
				LD_RUNPATH_SEARCH_PATHS = (
					"$(inherited)",
					"@executable_path/Frameworks",
					"@loader_path/Frameworks",
				);
				PRODUCT_BUNDLE_IDENTIFIER = com.goddoro.udcUITests;
				PRODUCT_NAME = "$(TARGET_NAME)";
				SWIFT_VERSION = 5.0;
				TARGETED_DEVICE_FAMILY = "1,2";
				TEST_TARGET_NAME = udc;
			};
			name = Release;
		};
/* End XCBuildConfiguration section */

/* Begin XCConfigurationList section */
		C11DA181265E7E99006EA241 /* Build configuration list for PBXProject "udc" */ = {
			isa = XCConfigurationList;
			buildConfigurations = (
				C11DA1AE265E7E9B006EA241 /* Debug */,
				C11DA1AF265E7E9B006EA241 /* Release */,
			);
			defaultConfigurationIsVisible = 0;
			defaultConfigurationName = Release;
		};
		C11DA1B0265E7E9B006EA241 /* Build configuration list for PBXNativeTarget "udc" */ = {
			isa = XCConfigurationList;
			buildConfigurations = (
				C11DA1B1265E7E9B006EA241 /* Debug */,
				C11DA1B2265E7E9B006EA241 /* Release */,
			);
			defaultConfigurationIsVisible = 0;
			defaultConfigurationName = Release;
		};
		C11DA1B3265E7E9B006EA241 /* Build configuration list for PBXNativeTarget "udcTests" */ = {
			isa = XCConfigurationList;
			buildConfigurations = (
				C11DA1B4265E7E9B006EA241 /* Debug */,
				C11DA1B5265E7E9B006EA241 /* Release */,
			);
			defaultConfigurationIsVisible = 0;
			defaultConfigurationName = Release;
		};
		C11DA1B6265E7E9B006EA241 /* Build configuration list for PBXNativeTarget "udcUITests" */ = {
			isa = XCConfigurationList;
			buildConfigurations = (
				C11DA1B7265E7E9B006EA241 /* Debug */,
				C11DA1B8265E7E9B006EA241 /* Release */,
			);
			defaultConfigurationIsVisible = 0;
			defaultConfigurationName = Release;
		};
/* End XCConfigurationList section */
	};
	rootObject = C11DA17E265E7E99006EA241 /* Project object */;
}
