PODS:
  - Alamofire (4.9.1)
  - AlamofireNetworkActivityLogger (2.4.0):
    - Alamofire (~> 4.8)
  - DZNEmptyDataSet (1.8.1)
  - Hero (1.6.1)
  - JGProgressHUD (2.2)
  - Kingfisher (6.3.0)
  - M13Checkbox (3.4.0)
  - MarqueeLabel (4.0.5)
  - MaterialComponents/AnimationTiming (124.2.0)
  - MaterialComponents/Availability (124.2.0)
  - MaterialComponents/BottomSheet (124.2.0):
    - MaterialComponents/Elevation
    - MaterialComponents/private/KeyboardWatcher
    - MaterialComponents/private/Math
    - MaterialComponents/ShadowElevations
    - MaterialComponents/ShadowLayer
    - MaterialComponents/ShapeLibrary
    - MaterialComponents/Shapes
  - "MaterialComponents/BottomSheet+ShapeThemer (124.2.0)":
    - MaterialComponents/BottomSheet
    - MaterialComponents/schemes/Shape
  - MaterialComponents/Buttons (124.2.0):
    - MaterialComponents/Elevation
    - MaterialComponents/Ink
    - MaterialComponents/private/Math
    - MaterialComponents/Ripple
    - MaterialComponents/Shadow
    - MaterialComponents/ShadowElevations
    - MaterialComponents/ShadowLayer
    - MaterialComponents/ShapeLibrary
    - MaterialComponents/Shapes
    - MaterialComponents/Typography
    - MDFInternationalization
    - MDFTextAccessibility
  - MaterialComponents/Elevation (124.2.0):
    - MaterialComponents/Availability
    - MaterialComponents/private/Color
    - MaterialComponents/private/Math
  - MaterialComponents/Ink (124.2.0):
    - MaterialComponents/Availability
    - MaterialComponents/private/Color
    - MaterialComponents/private/Math
  - MaterialComponents/private/Application (124.2.0)
  - MaterialComponents/private/Color (124.2.0):
    - MaterialComponents/Availability
  - MaterialComponents/private/KeyboardWatcher (124.2.0):
    - MaterialComponents/private/Application
  - MaterialComponents/private/Math (124.2.0)
  - MaterialComponents/Ripple (124.2.0):
    - MaterialComponents/AnimationTiming
    - MaterialComponents/Availability
    - MaterialComponents/private/Color
    - MaterialComponents/private/Math
  - MaterialComponents/schemes/Shape (124.2.0):
    - MaterialComponents/ShapeLibrary
    - MaterialComponents/Shapes
  - MaterialComponents/Shadow (124.2.0):
    - MaterialComponents/Availability
  - MaterialComponents/ShadowElevations (124.2.0)
  - MaterialComponents/ShadowLayer (124.2.0):
    - MaterialComponents/ShadowElevations
  - MaterialComponents/ShapeLibrary (124.2.0):
    - MaterialComponents/private/Math
    - MaterialComponents/Shapes
  - MaterialComponents/Shapes (124.2.0):
    - MaterialComponents/private/Color
    - MaterialComponents/private/Math
    - MaterialComponents/ShadowLayer
  - MaterialComponents/Typography (124.2.0):
    - MaterialComponents/private/Application
    - MaterialComponents/private/Math
    - MDFTextAccessibility
  - MDFInternationalization (3.0.0)
  - MDFTextAccessibility (2.0.1)
  - NMapsMap (3.13.0)
  - PromiseKit (6.4.0):
    - PromiseKit/CorePromise (= 6.4.0)
    - PromiseKit/Foundation (= 6.4.0)
    - PromiseKit/UIKit (= 6.4.0)
  - PromiseKit/Alamofire (6.4.0):
    - Alamofire (~> 4.0)
    - PromiseKit/CorePromise
  - PromiseKit/CorePromise (6.4.0)
  - PromiseKit/Foundation (6.4.0):
    - PromiseKit/CorePromise
  - PromiseKit/UIKit (6.4.0):
    - PromiseKit/CorePromise
  - RxAlamofire (4.4.1):
    - RxAlamofire/Core (= 4.4.1)
  - RxAlamofire/Core (4.4.1):
    - Alamofire (~> 4.8)
    - RxSwift (~> 4.5)
  - RxBinding (0.3):
    - RxCocoa (~> 4.5)
    - RxSwift (~> 4.5)
  - RxCocoa (4.5.0):
    - RxSwift (>= 4.4.2, ~> 4.4)
  - RxSwift (4.5.0)
  - SPPermissions/Core (6.1.1)
  - SPPermissions/PhotoLibrary (6.1.1):
    - SPPermissions/Core
  - SwiftVideoGenerator (1.4.0)
  - SwiftyJSON (5.0.1)
  - TagListView (1.4.1)

DEPENDENCIES:
  - Alamofire (= 4.9.1)
  - AlamofireNetworkActivityLogger
  - DZNEmptyDataSet
  - Hero
  - JGProgressHUD
  - Kingfisher
  - M13Checkbox
  - MarqueeLabel
  - MaterialComponents/BottomSheet
  - "MaterialComponents/BottomSheet+ShapeThemer"
  - MaterialComponents/Buttons
  - MaterialComponents/Ink
  - MaterialComponents/Ripple
  - NMapsMap
  - PromiseKit (= 6.4.0)
  - PromiseKit/Alamofire (= 6.4.0)
  - RxAlamofire (~> 4)
  - RxBinding
  - RxCocoa (~> 4)
  - RxSwift (~> 4)
  - SPPermissions/PhotoLibrary
  - SwiftVideoGenerator
  - SwiftyJSON
  - TagListView (~> 1.0)

SPEC REPOS:
  trunk:
    - Alamofire
    - AlamofireNetworkActivityLogger
    - DZNEmptyDataSet
    - Hero
    - JGProgressHUD
    - Kingfisher
    - M13Checkbox
    - MarqueeLabel
    - MaterialComponents
    - MDFInternationalization
    - MDFTextAccessibility
    - NMapsMap
    - PromiseKit
    - RxAlamofire
    - RxBinding
    - RxCocoa
    - RxSwift
    - SPPermissions
    - SwiftVideoGenerator
    - SwiftyJSON
    - TagListView

SPEC CHECKSUMS:
  Alamofire: 85e8a02c69d6020a0d734f6054870d7ecb75cf18
  AlamofireNetworkActivityLogger: 6d3398c692d2c5d83b0c58793537860aca1e383d
  DZNEmptyDataSet: 9525833b9e68ac21c30253e1d3d7076cc828eaa7
  Hero: 215865ba3ae41dd9bb08cd6c60a645529c6fc94b
  JGProgressHUD: d83d7a981b85d11205e19ff8ad5bb9c40571c847
  Kingfisher: 6c3df386db71d82c0817a429d2c9421a77396529
  M13Checkbox: 6f59404540ac98ba83a3d1afac335895a40c6a5d
  MarqueeLabel: 00cc0bcd087111dca575878b3531af980559707d
  MaterialComponents: 1a9b2d9d45b1601ae544de85089adc4c464306d4
  MDFInternationalization: d697c55307816222a55685c4ccb1044ffb030c12
  MDFTextAccessibility: f4bb4cc2194286651b59a215fdeaa0e05dc90ba5
  NMapsMap: 88b5bdac7087bfa99ab058ff5cdd95fb766e0e95
  PromiseKit: ae3616f45d7bb9bf4ff1e91abc9b7a8c48a340e0
  RxAlamofire: ed65f451f5a9a59419b0b9e705043dc01410edd9
  RxBinding: bf62f59dfb4ff1b84e3d1c293f9a9bdd8ce92280
  RxCocoa: cbf70265dc65a981d4ac982e513c10cf23df24a0
  RxSwift: f172070dfd1a93d70a9ab97a5a01166206e1c575
  SPPermissions: ef4e258cdfff5befc9bf06b827c9bcfa26f268e3
  SwiftVideoGenerator: 804637c18f68a4f205d806e305ebceb4adcf3d25
  SwiftyJSON: 2f33a42c6fbc52764d96f13368585094bfd8aa5e
  TagListView: a1c236d17960a0cf64156725a76ce6d73ebce2be

PODFILE CHECKSUM: a70f3e45fba2fa9437f0ebd37d35397bb4084410

COCOAPODS: 1.10.1
